// !$*UTF8*$!
{
	archiveVersion = 1;
	classes = {
	};
	objectVersion = 56;
	objects = {

/* Begin PBXBuildFile section */
		BB06F9F9298158CE00E6EABC /* Enums.swift in Sources */ = {isa = PBXBuildFile; fileRef = BB06F9F8298158CE00E6EABC /* Enums.swift */; };
		BB684727297FE32900145344 /* AppDelegate.swift in Sources */ = {isa = PBXBuildFile; fileRef = BB684726297FE32900145344 /* AppDelegate.swift */; };
		BB684729297FE32900145344 /* SceneDelegate.swift in Sources */ = {isa = PBXBuildFile; fileRef = BB684728297FE32900145344 /* SceneDelegate.swift */; };
		BB68472E297FE32900145344 /* Main.storyboard in Resources */ = {isa = PBXBuildFile; fileRef = BB68472C297FE32900145344 /* Main.storyboard */; };
		BB684730297FE32C00145344 /* Assets.xcassets in Resources */ = {isa = PBXBuildFile; fileRef = BB68472F297FE32C00145344 /* Assets.xcassets */; };
		BB684733297FE32C00145344 /* LaunchScreen.storyboard in Resources */ = {isa = PBXBuildFile; fileRef = BB684731297FE32C00145344 /* LaunchScreen.storyboard */; };
		BB68473E297FE32D00145344 /* TrainingTaskTests.swift in Sources */ = {isa = PBXBuildFile; fileRef = BB68473D297FE32D00145344 /* TrainingTaskTests.swift */; };
		BB684748297FE32D00145344 /* TrainingTaskUITests.swift in Sources */ = {isa = PBXBuildFile; fileRef = BB684747297FE32D00145344 /* TrainingTaskUITests.swift */; };
		BB68474A297FE32D00145344 /* TrainingTaskUITestsLaunchTests.swift in Sources */ = {isa = PBXBuildFile; fileRef = BB684749297FE32D00145344 /* TrainingTaskUITestsLaunchTests.swift */; };
		BB707195298131E2009EDCCD /* ForYouViewController.swift in Sources */ = {isa = PBXBuildFile; fileRef = BB707194298131E2009EDCCD /* ForYouViewController.swift */; };
		BBDF9F0D297FFCCE00BEF26B /* CustomNavigationBar.xib in Resources */ = {isa = PBXBuildFile; fileRef = BBDF9F0C297FFCCE00BEF26B /* CustomNavigationBar.xib */; };
		BBDF9F0F297FFD1E00BEF26B /* CustomNavigationBar.swift in Sources */ = {isa = PBXBuildFile; fileRef = BBDF9F0E297FFD1E00BEF26B /* CustomNavigationBar.swift */; };
		BBFF235B2980329D0094E724 /* FiltersCollectionViewCell.swift in Sources */ = {isa = PBXBuildFile; fileRef = BBFF23592980329D0094E724 /* FiltersCollectionViewCell.swift */; };
		BBFF235C2980329E0094E724 /* FiltersCollectionViewCell.xib in Resources */ = {isa = PBXBuildFile; fileRef = BBFF235A2980329D0094E724 /* FiltersCollectionViewCell.xib */; };
/* End PBXBuildFile section */

/* Begin PBXContainerItemProxy section */
		BB68473A297FE32D00145344 /* PBXContainerItemProxy */ = {
			isa = PBXContainerItemProxy;
			containerPortal = BB68471B297FE32900145344 /* Project object */;
			proxyType = 1;
			remoteGlobalIDString = BB684722297FE32900145344;
			remoteInfo = TrainingTask;
		};
		BB684744297FE32D00145344 /* PBXContainerItemProxy */ = {
			isa = PBXContainerItemProxy;
			containerPortal = BB68471B297FE32900145344 /* Project object */;
			proxyType = 1;
			remoteGlobalIDString = BB684722297FE32900145344;
			remoteInfo = TrainingTask;
		};
/* End PBXContainerItemProxy section */

/* Begin PBXFileReference section */
		BB06F9F8298158CE00E6EABC /* Enums.swift */ = {isa = PBXFileReference; lastKnownFileType = sourcecode.swift; path = Enums.swift; sourceTree = "<group>"; };
		BB684723297FE32900145344 /* TrainingTask.app */ = {isa = PBXFileReference; explicitFileType = wrapper.application; includeInIndex = 0; path = TrainingTask.app; sourceTree = BUILT_PRODUCTS_DIR; };
		BB684726297FE32900145344 /* AppDelegate.swift */ = {isa = PBXFileReference; lastKnownFileType = sourcecode.swift; path = AppDelegate.swift; sourceTree = "<group>"; };
		BB684728297FE32900145344 /* SceneDelegate.swift */ = {isa = PBXFileReference; lastKnownFileType = sourcecode.swift; path = SceneDelegate.swift; sourceTree = "<group>"; };
		BB68472D297FE32900145344 /* Base */ = {isa = PBXFileReference; lastKnownFileType = file.storyboard; name = Base; path = Base.lproj/Main.storyboard; sourceTree = "<group>"; };
		BB68472F297FE32C00145344 /* Assets.xcassets */ = {isa = PBXFileReference; lastKnownFileType = folder.assetcatalog; path = Assets.xcassets; sourceTree = "<group>"; };
		BB684732297FE32C00145344 /* Base */ = {isa = PBXFileReference; lastKnownFileType = file.storyboard; name = Base; path = Base.lproj/LaunchScreen.storyboard; sourceTree = "<group>"; };
		BB684734297FE32C00145344 /* Info.plist */ = {isa = PBXFileReference; lastKnownFileType = text.plist.xml; path = Info.plist; sourceTree = "<group>"; };
		BB684739297FE32D00145344 /* TrainingTaskTests.xctest */ = {isa = PBXFileReference; explicitFileType = wrapper.cfbundle; includeInIndex = 0; path = TrainingTaskTests.xctest; sourceTree = BUILT_PRODUCTS_DIR; };
		BB68473D297FE32D00145344 /* TrainingTaskTests.swift */ = {isa = PBXFileReference; lastKnownFileType = sourcecode.swift; path = TrainingTaskTests.swift; sourceTree = "<group>"; };
		BB684743297FE32D00145344 /* TrainingTaskUITests.xctest */ = {isa = PBXFileReference; explicitFileType = wrapper.cfbundle; includeInIndex = 0; path = TrainingTaskUITests.xctest; sourceTree = BUILT_PRODUCTS_DIR; };
		BB684747297FE32D00145344 /* TrainingTaskUITests.swift */ = {isa = PBXFileReference; lastKnownFileType = sourcecode.swift; path = TrainingTaskUITests.swift; sourceTree = "<group>"; };
		BB684749297FE32D00145344 /* TrainingTaskUITestsLaunchTests.swift */ = {isa = PBXFileReference; lastKnownFileType = sourcecode.swift; path = TrainingTaskUITestsLaunchTests.swift; sourceTree = "<group>"; };
		BB707194298131E2009EDCCD /* ForYouViewController.swift */ = {isa = PBXFileReference; lastKnownFileType = sourcecode.swift; path = ForYouViewController.swift; sourceTree = "<group>"; };
		BBDF9F0C297FFCCE00BEF26B /* CustomNavigationBar.xib */ = {isa = PBXFileReference; lastKnownFileType = file.xib; path = CustomNavigationBar.xib; sourceTree = "<group>"; };
		BBDF9F0E297FFD1E00BEF26B /* CustomNavigationBar.swift */ = {isa = PBXFileReference; lastKnownFileType = sourcecode.swift; path = CustomNavigationBar.swift; sourceTree = "<group>"; };
		BBFF23592980329D0094E724 /* FiltersCollectionViewCell.swift */ = {isa = PBXFileReference; lastKnownFileType = sourcecode.swift; path = FiltersCollectionViewCell.swift; sourceTree = "<group>"; };
		BBFF235A2980329D0094E724 /* FiltersCollectionViewCell.xib */ = {isa = PBXFileReference; lastKnownFileType = file.xib; path = FiltersCollectionViewCell.xib; sourceTree = "<group>"; };
/* End PBXFileReference section */

/* Begin PBXFrameworksBuildPhase section */
		BB684720297FE32900145344 /* Frameworks */ = {
			isa = PBXFrameworksBuildPhase;
			buildActionMask = 2147483647;
			files = (
			);
			runOnlyForDeploymentPostprocessing = 0;
		};
		BB684736297FE32D00145344 /* Frameworks */ = {
			isa = PBXFrameworksBuildPhase;
			buildActionMask = 2147483647;
			files = (
			);
			runOnlyForDeploymentPostprocessing = 0;
		};
		BB684740297FE32D00145344 /* Frameworks */ = {
			isa = PBXFrameworksBuildPhase;
			buildActionMask = 2147483647;
			files = (
			);
			runOnlyForDeploymentPostprocessing = 0;
		};
/* End PBXFrameworksBuildPhase section */

/* Begin PBXGroup section */
		BB06F9F7298158B700E6EABC /* utils */ = {
			isa = PBXGroup;
			children = (
				BB06F9F8298158CE00E6EABC /* Enums.swift */,
			);
			path = utils;
			sourceTree = "<group>";
		};
		BB68471A297FE32900145344 = {
			isa = PBXGroup;
			children = (
				BB684725297FE32900145344 /* TrainingTask */,
				BB68473C297FE32D00145344 /* TrainingTaskTests */,
				BB684746297FE32D00145344 /* TrainingTaskUITests */,
				BB684724297FE32900145344 /* Products */,
			);
			sourceTree = "<group>";
		};
		BB684724297FE32900145344 /* Products */ = {
			isa = PBXGroup;
			children = (
				BB684723297FE32900145344 /* TrainingTask.app */,
				BB684739297FE32D00145344 /* TrainingTaskTests.xctest */,
				BB684743297FE32D00145344 /* TrainingTaskUITests.xctest */,
			);
			name = Products;
			sourceTree = "<group>";
		};
		BB684725297FE32900145344 /* TrainingTask */ = {
			isa = PBXGroup;
			children = (
				BB06F9F7298158B700E6EABC /* utils */,
				BB68475D297FFBCA00145344 /* customViews */,
				BB684756297FE5F500145344 /* protocols */,
				BB684758297FE62700145344 /* view */,
				BB68475B297FE64500145344 /* interactor */,
				BB684759297FE62E00145344 /* presenter */,
				BB684757297FE61C00145344 /* entity */,
				BB68475A297FE63600145344 /* router */,
				BB684726297FE32900145344 /* AppDelegate.swift */,
				BB684728297FE32900145344 /* SceneDelegate.swift */,
				BB68472C297FE32900145344 /* Main.storyboard */,
				BB68472F297FE32C00145344 /* Assets.xcassets */,
				BB684731297FE32C00145344 /* LaunchScreen.storyboard */,
				BB684734297FE32C00145344 /* Info.plist */,
			);
			path = TrainingTask;
			sourceTree = "<group>";
		};
		BB68473C297FE32D00145344 /* TrainingTaskTests */ = {
			isa = PBXGroup;
			children = (
				BB68473D297FE32D00145344 /* TrainingTaskTests.swift */,
			);
			path = TrainingTaskTests;
			sourceTree = "<group>";
		};
		BB684746297FE32D00145344 /* TrainingTaskUITests */ = {
			isa = PBXGroup;
			children = (
				BB684747297FE32D00145344 /* TrainingTaskUITests.swift */,
				BB684749297FE32D00145344 /* TrainingTaskUITestsLaunchTests.swift */,
			);
			path = TrainingTaskUITests;
			sourceTree = "<group>";
		};
		BB684756297FE5F500145344 /* protocols */ = {
			isa = PBXGroup;
			children = (
			);
			path = protocols;
			sourceTree = "<group>";
		};
		BB684757297FE61C00145344 /* entity */ = {
			isa = PBXGroup;
			children = (
			);
			path = entity;
			sourceTree = "<group>";
		};
		BB684758297FE62700145344 /* view */ = {
			isa = PBXGroup;
			children = (
				BB7071932981317D009EDCCD /* ForYou */,
			);
			path = view;
			sourceTree = "<group>";
		};
		BB684759297FE62E00145344 /* presenter */ = {
			isa = PBXGroup;
			children = (
			);
			path = presenter;
			sourceTree = "<group>";
		};
		BB68475A297FE63600145344 /* router */ = {
			isa = PBXGroup;
			children = (
			);
			path = router;
			sourceTree = "<group>";
		};
		BB68475B297FE64500145344 /* interactor */ = {
			isa = PBXGroup;
			children = (
			);
			path = interactor;
			sourceTree = "<group>";
		};
		BB68475D297FFBCA00145344 /* customViews */ = {
			isa = PBXGroup;
			children = (
				BBFF2354298031BA0094E724 /* filtersCollectionViewCell */,
				BB684760297FFC6D00145344 /* customNavBar */,
			);
			path = customViews;
			sourceTree = "<group>";
		};
		BB684760297FFC6D00145344 /* customNavBar */ = {
			isa = PBXGroup;
			children = (
				BBDF9F0C297FFCCE00BEF26B /* CustomNavigationBar.xib */,
				BBDF9F0E297FFD1E00BEF26B /* CustomNavigationBar.swift */,
			);
			path = customNavBar;
			sourceTree = "<group>";
		};
		BB7071932981317D009EDCCD /* ForYou */ = {
			isa = PBXGroup;
			children = (
				BB707194298131E2009EDCCD /* ForYouViewController.swift */,
			);
			path = ForYou;
			sourceTree = "<group>";
		};
		BBFF2354298031BA0094E724 /* filtersCollectionViewCell */ = {
			isa = PBXGroup;
			children = (
				BBFF23592980329D0094E724 /* FiltersCollectionViewCell.swift */,
				BBFF235A2980329D0094E724 /* FiltersCollectionViewCell.xib */,
			);
			path = filtersCollectionViewCell;
			sourceTree = "<group>";
		};
/* End PBXGroup section */

/* Begin PBXNativeTarget section */
		BB684722297FE32900145344 /* TrainingTask */ = {
			isa = PBXNativeTarget;
			buildConfigurationList = BB68474D297FE32D00145344 /* Build configuration list for PBXNativeTarget "TrainingTask" */;
			buildPhases = (
				BB68471F297FE32900145344 /* Sources */,
				BB684720297FE32900145344 /* Frameworks */,
				BB684721297FE32900145344 /* Resources */,
			);
			buildRules = (
			);
			dependencies = (
			);
			name = TrainingTask;
			productName = TrainingTask;
			productReference = BB684723297FE32900145344 /* TrainingTask.app */;
			productType = "com.apple.product-type.application";
		};
		BB684738297FE32D00145344 /* TrainingTaskTests */ = {
			isa = PBXNativeTarget;
			buildConfigurationList = BB684750297FE32D00145344 /* Build configuration list for PBXNativeTarget "TrainingTaskTests" */;
			buildPhases = (
				BB684735297FE32D00145344 /* Sources */,
				BB684736297FE32D00145344 /* Frameworks */,
				BB684737297FE32D00145344 /* Resources */,
			);
			buildRules = (
			);
			dependencies = (
				BB68473B297FE32D00145344 /* PBXTargetDependency */,
			);
			name = TrainingTaskTests;
			productName = TrainingTaskTests;
			productReference = BB684739297FE32D00145344 /* TrainingTaskTests.xctest */;
			productType = "com.apple.product-type.bundle.unit-test";
		};
		BB684742297FE32D00145344 /* TrainingTaskUITests */ = {
			isa = PBXNativeTarget;
			buildConfigurationList = BB684753297FE32D00145344 /* Build configuration list for PBXNativeTarget "TrainingTaskUITests" */;
			buildPhases = (
				BB68473F297FE32D00145344 /* Sources */,
				BB684740297FE32D00145344 /* Frameworks */,
				BB684741297FE32D00145344 /* Resources */,
			);
			buildRules = (
			);
			dependencies = (
				BB684745297FE32D00145344 /* PBXTargetDependency */,
			);
			name = TrainingTaskUITests;
			productName = TrainingTaskUITests;
			productReference = BB684743297FE32D00145344 /* TrainingTaskUITests.xctest */;
			productType = "com.apple.product-type.bundle.ui-testing";
		};
/* End PBXNativeTarget section */

/* Begin PBXProject section */
		BB68471B297FE32900145344 /* Project object */ = {
			isa = PBXProject;
			attributes = {
				BuildIndependentTargetsInParallel = 1;
				LastSwiftUpdateCheck = 1420;
				LastUpgradeCheck = 1420;
				TargetAttributes = {
					BB684722297FE32900145344 = {
						CreatedOnToolsVersion = 14.2;
					};
					BB684738297FE32D00145344 = {
						CreatedOnToolsVersion = 14.2;
						TestTargetID = BB684722297FE32900145344;
					};
					BB684742297FE32D00145344 = {
						CreatedOnToolsVersion = 14.2;
						TestTargetID = BB684722297FE32900145344;
					};
				};
			};
			buildConfigurationList = BB68471E297FE32900145344 /* Build configuration list for PBXProject "TrainingTask" */;
			compatibilityVersion = "Xcode 14.0";
			developmentRegion = en;
			hasScannedForEncodings = 0;
			knownRegions = (
				en,
				Base,
			);
			mainGroup = BB68471A297FE32900145344;
			productRefGroup = BB684724297FE32900145344 /* Products */;
			projectDirPath = "";
			projectRoot = "";
			targets = (
				BB684722297FE32900145344 /* TrainingTask */,
				BB684738297FE32D00145344 /* TrainingTaskTests */,
				BB684742297FE32D00145344 /* TrainingTaskUITests */,
			);
		};
/* End PBXProject section */

/* Begin PBXResourcesBuildPhase section */
		BB684721297FE32900145344 /* Resources */ = {
			isa = PBXResourcesBuildPhase;
			buildActionMask = 2147483647;
			files = (
				BBDF9F0D297FFCCE00BEF26B /* CustomNavigationBar.xib in Resources */,
				BB684733297FE32C00145344 /* LaunchScreen.storyboard in Resources */,
				BBFF235C2980329E0094E724 /* FiltersCollectionViewCell.xib in Resources */,
				BB684730297FE32C00145344 /* Assets.xcassets in Resources */,
				BB68472E297FE32900145344 /* Main.storyboard in Resources */,
			);
			runOnlyForDeploymentPostprocessing = 0;
		};
		BB684737297FE32D00145344 /* Resources */ = {
			isa = PBXResourcesBuildPhase;
			buildActionMask = 2147483647;
			files = (
			);
			runOnlyForDeploymentPostprocessing = 0;
		};
		BB684741297FE32D00145344 /* Resources */ = {
			isa = PBXResourcesBuildPhase;
			buildActionMask = 2147483647;
			files = (
			);
			runOnlyForDeploymentPostprocessing = 0;
		};
/* End PBXResourcesBuildPhase section */

/* Begin PBXSourcesBuildPhase section */
		BB68471F297FE32900145344 /* Sources */ = {
			isa = PBXSourcesBuildPhase;
			buildActionMask = 2147483647;
			files = (
				BBDF9F0F297FFD1E00BEF26B /* CustomNavigationBar.swift in Sources */,
				BB684727297FE32900145344 /* AppDelegate.swift in Sources */,
				BBFF235B2980329D0094E724 /* FiltersCollectionViewCell.swift in Sources */,
				BB707195298131E2009EDCCD /* ForYouViewController.swift in Sources */,
				BB06F9F9298158CE00E6EABC /* Enums.swift in Sources */,
				BB684729297FE32900145344 /* SceneDelegate.swift in Sources */,
			);
			runOnlyForDeploymentPostprocessing = 0;
		};
		BB684735297FE32D00145344 /* Sources */ = {
			isa = PBXSourcesBuildPhase;
			buildActionMask = 2147483647;
			files = (
				BB68473E297FE32D00145344 /* TrainingTaskTests.swift in Sources */,
			);
			runOnlyForDeploymentPostprocessing = 0;
		};
		BB68473F297FE32D00145344 /* Sources */ = {
			isa = PBXSourcesBuildPhase;
			buildActionMask = 2147483647;
			files = (
				BB684748297FE32D00145344 /* TrainingTaskUITests.swift in Sources */,
				BB68474A297FE32D00145344 /* TrainingTaskUITestsLaunchTests.swift in Sources */,
			);
			runOnlyForDeploymentPostprocessing = 0;
		};
/* End PBXSourcesBuildPhase section */

/* Begin PBXTargetDependency section */
		BB68473B297FE32D00145344 /* PBXTargetDependency */ = {
			isa = PBXTargetDependency;
			target = BB684722297FE32900145344 /* TrainingTask */;
			targetProxy = BB68473A297FE32D00145344 /* PBXContainerItemProxy */;
		};
		BB684745297FE32D00145344 /* PBXTargetDependency */ = {
			isa = PBXTargetDependency;
			target = BB684722297FE32900145344 /* TrainingTask */;
			targetProxy = BB684744297FE32D00145344 /* PBXContainerItemProxy */;
		};
/* End PBXTargetDependency section */

/* Begin PBXVariantGroup section */
		BB68472C297FE32900145344 /* Main.storyboard */ = {
			isa = PBXVariantGroup;
			children = (
				BB68472D297FE32900145344 /* Base */,
			);
			name = Main.storyboard;
			sourceTree = "<group>";
		};
		BB684731297FE32C00145344 /* LaunchScreen.storyboard */ = {
			isa = PBXVariantGroup;
			children = (
				BB684732297FE32C00145344 /* Base */,
			);
			name = LaunchScreen.storyboard;
			sourceTree = "<group>";
		};
/* End PBXVariantGroup section */

/* Begin XCBuildConfiguration section */
		BB68474B297FE32D00145344 /* Debug */ = {
			isa = XCBuildConfiguration;
			buildSettings = {
				ALWAYS_SEARCH_USER_PATHS = NO;
				CLANG_ANALYZER_NONNULL = YES;
				CLANG_ANALYZER_NUMBER_OBJECT_CONVERSION = YES_AGGRESSIVE;
				CLANG_CXX_LANGUAGE_STANDARD = "gnu++20";
				CLANG_ENABLE_MODULES = YES;
				CLANG_ENABLE_OBJC_ARC = YES;
				CLANG_ENABLE_OBJC_WEAK = YES;
				CLANG_WARN_BLOCK_CAPTURE_AUTORELEASING = YES;
				CLANG_WARN_BOOL_CONVERSION = YES;
				CLANG_WARN_COMMA = YES;
				CLANG_WARN_CONSTANT_CONVERSION = YES;
				CLANG_WARN_DEPRECATED_OBJC_IMPLEMENTATIONS = YES;
				CLANG_WARN_DIRECT_OBJC_ISA_USAGE = YES_ERROR;
				CLANG_WARN_DOCUMENTATION_COMMENTS = YES;
				CLANG_WARN_EMPTY_BODY = YES;
				CLANG_WARN_ENUM_CONVERSION = YES;
				CLANG_WARN_INFINITE_RECURSION = YES;
				CLANG_WARN_INT_CONVERSION = YES;
				CLANG_WARN_NON_LITERAL_NULL_CONVERSION = YES;
				CLANG_WARN_OBJC_IMPLICIT_RETAIN_SELF = YES;
				CLANG_WARN_OBJC_LITERAL_CONVERSION = YES;
				CLANG_WARN_OBJC_ROOT_CLASS = YES_ERROR;
				CLANG_WARN_QUOTED_INCLUDE_IN_FRAMEWORK_HEADER = YES;
				CLANG_WARN_RANGE_LOOP_ANALYSIS = YES;
				CLANG_WARN_STRICT_PROTOTYPES = YES;
				CLANG_WARN_SUSPICIOUS_MOVE = YES;
				CLANG_WARN_UNGUARDED_AVAILABILITY = YES_AGGRESSIVE;
				CLANG_WARN_UNREACHABLE_CODE = YES;
				CLANG_WARN__DUPLICATE_METHOD_MATCH = YES;
				COPY_PHASE_STRIP = NO;
				DEBUG_INFORMATION_FORMAT = dwarf;
				ENABLE_STRICT_OBJC_MSGSEND = YES;
				ENABLE_TESTABILITY = YES;
				GCC_C_LANGUAGE_STANDARD = gnu11;
				GCC_DYNAMIC_NO_PIC = NO;
				GCC_NO_COMMON_BLOCKS = YES;
				GCC_OPTIMIZATION_LEVEL = 0;
				GCC_PREPROCESSOR_DEFINITIONS = (
					"DEBUG=1",
					"$(inherited)",
				);
				GCC_WARN_64_TO_32_BIT_CONVERSION = YES;
				GCC_WARN_ABOUT_RETURN_TYPE = YES_ERROR;
				GCC_WARN_UNDECLARED_SELECTOR = YES;
				GCC_WARN_UNINITIALIZED_AUTOS = YES_AGGRESSIVE;
				GCC_WARN_UNUSED_FUNCTION = YES;
				GCC_WARN_UNUSED_VARIABLE = YES;
				IPHONEOS_DEPLOYMENT_TARGET = 16.2;
				MTL_ENABLE_DEBUG_INFO = INCLUDE_SOURCE;
				MTL_FAST_MATH = YES;
				ONLY_ACTIVE_ARCH = YES;
				SDKROOT = iphoneos;
				SWIFT_ACTIVE_COMPILATION_CONDITIONS = DEBUG;
				SWIFT_OPTIMIZATION_LEVEL = "-Onone";
			};
			name = Debug;
		};
		BB68474C297FE32D00145344 /* Release */ = {
			isa = XCBuildConfiguration;
			buildSettings = {
				ALWAYS_SEARCH_USER_PATHS = NO;
				CLANG_ANALYZER_NONNULL = YES;
				CLANG_ANALYZER_NUMBER_OBJECT_CONVERSION = YES_AGGRESSIVE;
				CLANG_CXX_LANGUAGE_STANDARD = "gnu++20";
				CLANG_ENABLE_MODULES = YES;
				CLANG_ENABLE_OBJC_ARC = YES;
				CLANG_ENABLE_OBJC_WEAK = YES;
				CLANG_WARN_BLOCK_CAPTURE_AUTORELEASING = YES;
				CLANG_WARN_BOOL_CONVERSION = YES;
				CLANG_WARN_COMMA = YES;
				CLANG_WARN_CONSTANT_CONVERSION = YES;
				CLANG_WARN_DEPRECATED_OBJC_IMPLEMENTATIONS = YES;
				CLANG_WARN_DIRECT_OBJC_ISA_USAGE = YES_ERROR;
				CLANG_WARN_DOCUMENTATION_COMMENTS = YES;
				CLANG_WARN_EMPTY_BODY = YES;
				CLANG_WARN_ENUM_CONVERSION = YES;
				CLANG_WARN_INFINITE_RECURSION = YES;
				CLANG_WARN_INT_CONVERSION = YES;
				CLANG_WARN_NON_LITERAL_NULL_CONVERSION = YES;
				CLANG_WARN_OBJC_IMPLICIT_RETAIN_SELF = YES;
				CLANG_WARN_OBJC_LITERAL_CONVERSION = YES;
				CLANG_WARN_OBJC_ROOT_CLASS = YES_ERROR;
				CLANG_WARN_QUOTED_INCLUDE_IN_FRAMEWORK_HEADER = YES;
				CLANG_WARN_RANGE_LOOP_ANALYSIS = YES;
				CLANG_WARN_STRICT_PROTOTYPES = YES;
				CLANG_WARN_SUSPICIOUS_MOVE = YES;
				CLANG_WARN_UNGUARDED_AVAILABILITY = YES_AGGRESSIVE;
				CLANG_WARN_UNREACHABLE_CODE = YES;
				CLANG_WARN__DUPLICATE_METHOD_MATCH = YES;
				COPY_PHASE_STRIP = NO;
				DEBUG_INFORMATION_FORMAT = "dwarf-with-dsym";
				ENABLE_NS_ASSERTIONS = NO;
				ENABLE_STRICT_OBJC_MSGSEND = YES;
				GCC_C_LANGUAGE_STANDARD = gnu11;
				GCC_NO_COMMON_BLOCKS = YES;
				GCC_WARN_64_TO_32_BIT_CONVERSION = YES;
				GCC_WARN_ABOUT_RETURN_TYPE = YES_ERROR;
				GCC_WARN_UNDECLARED_SELECTOR = YES;
				GCC_WARN_UNINITIALIZED_AUTOS = YES_AGGRESSIVE;
				GCC_WARN_UNUSED_FUNCTION = YES;
				GCC_WARN_UNUSED_VARIABLE = YES;
				IPHONEOS_DEPLOYMENT_TARGET = 16.2;
				MTL_ENABLE_DEBUG_INFO = NO;
				MTL_FAST_MATH = YES;
				SDKROOT = iphoneos;
				SWIFT_COMPILATION_MODE = wholemodule;
				SWIFT_OPTIMIZATION_LEVEL = "-O";
				VALIDATE_PRODUCT = YES;
			};
			name = Release;
		};
		BB68474E297FE32D00145344 /* Debug */ = {
			isa = XCBuildConfiguration;
			buildSettings = {
				ASSETCATALOG_COMPILER_APPICON_NAME = AppIcon;
				ASSETCATALOG_COMPILER_GLOBAL_ACCENT_COLOR_NAME = AccentColor;
				CODE_SIGN_STYLE = Automatic;
				CURRENT_PROJECT_VERSION = 1;
				GENERATE_INFOPLIST_FILE = YES;
				INFOPLIST_FILE = TrainingTask/Info.plist;
				INFOPLIST_KEY_UIApplicationSupportsIndirectInputEvents = YES;
				INFOPLIST_KEY_UILaunchStoryboardName = LaunchScreen;
				INFOPLIST_KEY_UIMainStoryboardFile = Main;
				INFOPLIST_KEY_UISupportedInterfaceOrientations_iPad = "UIInterfaceOrientationPortrait UIInterfaceOrientationPortraitUpsideDown UIInterfaceOrientationLandscapeLeft UIInterfaceOrientationLandscapeRight";
				INFOPLIST_KEY_UISupportedInterfaceOrientations_iPhone = "UIInterfaceOrientationPortrait UIInterfaceOrientationLandscapeLeft UIInterfaceOrientationLandscapeRight";
				IPHONEOS_DEPLOYMENT_TARGET = 13.0;
				LD_RUNPATH_SEARCH_PATHS = (
					"$(inherited)",
					"@executable_path/Frameworks",
				);
				MARKETING_VERSION = 1.0;
				PRODUCT_BUNDLE_IDENTIFIER = tr.TrainingTask;
				PRODUCT_NAME = "$(TARGET_NAME)";
				SUPPORTED_PLATFORMS = "iphoneos iphonesimulator";
				SUPPORTS_MACCATALYST = NO;
				SUPPORTS_MAC_DESIGNED_FOR_IPHONE_IPAD = NO;
				SWIFT_EMIT_LOC_STRINGS = YES;
				SWIFT_VERSION = 5.0;
				TARGETED_DEVICE_FAMILY = "1,2";
			};
			name = Debug;
		};
		BB68474F297FE32D00145344 /* Release */ = {
			isa = XCBuildConfiguration;
			buildSettings = {
				ASSETCATALOG_COMPILER_APPICON_NAME = AppIcon;
				ASSETCATALOG_COMPILER_GLOBAL_ACCENT_COLOR_NAME = AccentColor;
				CODE_SIGN_STYLE = Automatic;
				CURRENT_PROJECT_VERSION = 1;
				GENERATE_INFOPLIST_FILE = YES;
				INFOPLIST_FILE = TrainingTask/Info.plist;
				INFOPLIST_KEY_UIApplicationSupportsIndirectInputEvents = YES;
				INFOPLIST_KEY_UILaunchStoryboardName = LaunchScreen;
				INFOPLIST_KEY_UIMainStoryboardFile = Main;
				INFOPLIST_KEY_UISupportedInterfaceOrientations_iPad = "UIInterfaceOrientationPortrait UIInterfaceOrientationPortraitUpsideDown UIInterfaceOrientationLandscapeLeft UIInterfaceOrientationLandscapeRight";
				INFOPLIST_KEY_UISupportedInterfaceOrientations_iPhone = "UIInterfaceOrientationPortrait UIInterfaceOrientationLandscapeLeft UIInterfaceOrientationLandscapeRight";
				IPHONEOS_DEPLOYMENT_TARGET = 13.0;
				LD_RUNPATH_SEARCH_PATHS = (
					"$(inherited)",
					"@executable_path/Frameworks",
				);
				MARKETING_VERSION = 1.0;
				PRODUCT_BUNDLE_IDENTIFIER = tr.TrainingTask;
				PRODUCT_NAME = "$(TARGET_NAME)";
				SUPPORTED_PLATFORMS = "iphoneos iphonesimulator";
				SUPPORTS_MACCATALYST = NO;
				SUPPORTS_MAC_DESIGNED_FOR_IPHONE_IPAD = NO;
				SWIFT_EMIT_LOC_STRINGS = YES;
				SWIFT_VERSION = 5.0;
				TARGETED_DEVICE_FAMILY = "1,2";
			};
			name = Release;
		};
		BB684751297FE32D00145344 /* Debug */ = {
			isa = XCBuildConfiguration;
			buildSettings = {
				ALWAYS_EMBED_SWIFT_STANDARD_LIBRARIES = YES;
				BUNDLE_LOADER = "$(TEST_HOST)";
				CODE_SIGN_STYLE = Automatic;
				CURRENT_PROJECT_VERSION = 1;
				GENERATE_INFOPLIST_FILE = YES;
				IPHONEOS_DEPLOYMENT_TARGET = 16.2;
				MARKETING_VERSION = 1.0;
				PRODUCT_BUNDLE_IDENTIFIER = tr.TrainingTaskTests;
				PRODUCT_NAME = "$(TARGET_NAME)";
				SWIFT_EMIT_LOC_STRINGS = NO;
				SWIFT_VERSION = 5.0;
				TARGETED_DEVICE_FAMILY = "1,2";
				TEST_HOST = "$(BUILT_PRODUCTS_DIR)/TrainingTask.app/$(BUNDLE_EXECUTABLE_FOLDER_PATH)/TrainingTask";
			};
			name = Debug;
		};
		BB684752297FE32D00145344 /* Release */ = {
			isa = XCBuildConfiguration;
			buildSettings = {
				ALWAYS_EMBED_SWIFT_STANDARD_LIBRARIES = YES;
				BUNDLE_LOADER = "$(TEST_HOST)";
				CODE_SIGN_STYLE = Automatic;
				CURRENT_PROJECT_VERSION = 1;
				GENERATE_INFOPLIST_FILE = YES;
				IPHONEOS_DEPLOYMENT_TARGET = 16.2;
				MARKETING_VERSION = 1.0;
				PRODUCT_BUNDLE_IDENTIFIER = tr.TrainingTaskTests;
				PRODUCT_NAME = "$(TARGET_NAME)";
				SWIFT_EMIT_LOC_STRINGS = NO;
				SWIFT_VERSION = 5.0;
				TARGETED_DEVICE_FAMILY = "1,2";
				TEST_HOST = "$(BUILT_PRODUCTS_DIR)/TrainingTask.app/$(BUNDLE_EXECUTABLE_FOLDER_PATH)/TrainingTask";
			};
			name = Release;
		};
		BB684754297FE32D00145344 /* Debug */ = {
			isa = XCBuildConfiguration;
			buildSettings = {
				ALWAYS_EMBED_SWIFT_STANDARD_LIBRARIES = YES;
				CODE_SIGN_STYLE = Automatic;
				CURRENT_PROJECT_VERSION = 1;
				GENERATE_INFOPLIST_FILE = YES;
				MARKETING_VERSION = 1.0;
				PRODUCT_BUNDLE_IDENTIFIER = tr.TrainingTaskUITests;
				PRODUCT_NAME = "$(TARGET_NAME)";
				SWIFT_EMIT_LOC_STRINGS = NO;
				SWIFT_VERSION = 5.0;
				TARGETED_DEVICE_FAMILY = "1,2";
				TEST_TARGET_NAME = TrainingTask;
			};
			name = Debug;
		};
		BB684755297FE32D00145344 /* Release */ = {
			isa = XCBuildConfiguration;
			buildSettings = {
				ALWAYS_EMBED_SWIFT_STANDARD_LIBRARIES = YES;
				CODE_SIGN_STYLE = Automatic;
				CURRENT_PROJECT_VERSION = 1;
				GENERATE_INFOPLIST_FILE = YES;
				MARKETING_VERSION = 1.0;
				PRODUCT_BUNDLE_IDENTIFIER = tr.TrainingTaskUITests;
				PRODUCT_NAME = "$(TARGET_NAME)";
				SWIFT_EMIT_LOC_STRINGS = NO;
				SWIFT_VERSION = 5.0;
				TARGETED_DEVICE_FAMILY = "1,2";
				TEST_TARGET_NAME = TrainingTask;
			};
			name = Release;
		};
/* End XCBuildConfiguration section */

/* Begin XCConfigurationList section */
		BB68471E297FE32900145344 /* Build configuration list for PBXProject "TrainingTask" */ = {
			isa = XCConfigurationList;
			buildConfigurations = (
				BB68474B297FE32D00145344 /* Debug */,
				BB68474C297FE32D00145344 /* Release */,
			);
			defaultConfigurationIsVisible = 0;
			defaultConfigurationName = Release;
		};
		BB68474D297FE32D00145344 /* Build configuration list for PBXNativeTarget "TrainingTask" */ = {
			isa = XCConfigurationList;
			buildConfigurations = (
				BB68474E297FE32D00145344 /* Debug */,
				BB68474F297FE32D00145344 /* Release */,
			);
			defaultConfigurationIsVisible = 0;
			defaultConfigurationName = Release;
		};
		BB684750297FE32D00145344 /* Build configuration list for PBXNativeTarget "TrainingTaskTests" */ = {
			isa = XCConfigurationList;
			buildConfigurations = (
				BB684751297FE32D00145344 /* Debug */,
				BB684752297FE32D00145344 /* Release */,
			);
			defaultConfigurationIsVisible = 0;
			defaultConfigurationName = Release;
		};
		BB684753297FE32D00145344 /* Build configuration list for PBXNativeTarget "TrainingTaskUITests" */ = {
			isa = XCConfigurationList;
			buildConfigurations = (
				BB684754297FE32D00145344 /* Debug */,
				BB684755297FE32D00145344 /* Release */,
			);
			defaultConfigurationIsVisible = 0;
			defaultConfigurationName = Release;
		};
/* End XCConfigurationList section */
	};
	rootObject = BB68471B297FE32900145344 /* Project object */;
}
