// !$*UTF8*$!
{
	archiveVersion = 1;
	classes = {
	};
	objectVersion = 56;
	objects = {

/* Begin PBXBuildFile section */
		60F13129D00D1E8872BD4EC1 /* Pods_TrainingTask_TrainingTaskUITests.framework in Frameworks */ = {isa = PBXBuildFile; fileRef = 38AC1E13FC77263E41635CE2 /* Pods_TrainingTask_TrainingTaskUITests.framework */; };
		A540A44B2B0420C66ADDA50A /* Pods_TrainingTask.framework in Frameworks */ = {isa = PBXBuildFile; fileRef = B5F05700CBBBB2081FA2AA99 /* Pods_TrainingTask.framework */; };
		B1F8C53E6414AE80A47DDCB0 /* Pods_TrainingTaskTests.framework in Frameworks */ = {isa = PBXBuildFile; fileRef = C2B9DF923463497D19039AA4 /* Pods_TrainingTaskTests.framework */; };
		BB06F9F9298158CE00E6EABC /* Enums.swift in Sources */ = {isa = PBXBuildFile; fileRef = BB06F9F8298158CE00E6EABC /* Enums.swift */; };
		BB06F9FB29815DCE00E6EABC /* Post.swift in Sources */ = {isa = PBXBuildFile; fileRef = BB06F9FA29815DCE00E6EABC /* Post.swift */; };
		BB06F9FF29815E8A00E6EABC /* PostTableViewCell.swift in Sources */ = {isa = PBXBuildFile; fileRef = BB06F9FD29815E8A00E6EABC /* PostTableViewCell.swift */; };
		BB06FA0029815E8A00E6EABC /* PostTableViewCell.xib in Resources */ = {isa = PBXBuildFile; fileRef = BB06F9FE29815E8A00E6EABC /* PostTableViewCell.xib */; };
		BB06FA022981693400E6EABC /* Constants.swift in Sources */ = {isa = PBXBuildFile; fileRef = BB06FA012981693400E6EABC /* Constants.swift */; };
		BB06FA0629816A8300E6EABC /* PostProtocol.swift in Sources */ = {isa = PBXBuildFile; fileRef = BB06FA0529816A8300E6EABC /* PostProtocol.swift */; };
		BB06FA0C29816FEC00E6EABC /* PostsPresenter.swift in Sources */ = {isa = PBXBuildFile; fileRef = BB06FA0B29816FEC00E6EABC /* PostsPresenter.swift */; };
		BB06FA0E298170DC00E6EABC /* PostsInteractor.swift in Sources */ = {isa = PBXBuildFile; fileRef = BB06FA0D298170DC00E6EABC /* PostsInteractor.swift */; };
		BB06FA10298176CB00E6EABC /* PostsRouter.swift in Sources */ = {isa = PBXBuildFile; fileRef = BB06FA0F298176CB00E6EABC /* PostsRouter.swift */; };
		BB65C10F2987ECE500246226 /* PostDetailsViewController.xib in Resources */ = {isa = PBXBuildFile; fileRef = BB65C10E2987ECE500246226 /* PostDetailsViewController.xib */; };
		BB65C1112987ED4A00246226 /* PostDetailsRouter.swift in Sources */ = {isa = PBXBuildFile; fileRef = BB65C1102987ED4A00246226 /* PostDetailsRouter.swift */; };
		BB65C1132987EDD100246226 /* PostDetailsProtocol.swift in Sources */ = {isa = PBXBuildFile; fileRef = BB65C1122987EDD100246226 /* PostDetailsProtocol.swift */; };
		BB664581298F9D9D000FFF81 /* UIHelper.swift in Sources */ = {isa = PBXBuildFile; fileRef = BB664580298F9D9D000FFF81 /* UIHelper.swift */; };
		BB66458A298FD0D4000FFF81 /* CellEnums.swift in Sources */ = {isa = PBXBuildFile; fileRef = BB664589298FD0D4000FFF81 /* CellEnums.swift */; };
		BB66EE4B298A631100B80C14 /* QuestionsPresenter.swift in Sources */ = {isa = PBXBuildFile; fileRef = BB66EE4A298A631100B80C14 /* QuestionsPresenter.swift */; };
		BB66EE4D298A636B00B80C14 /* QuestionsProtocol.swift in Sources */ = {isa = PBXBuildFile; fileRef = BB66EE4C298A636B00B80C14 /* QuestionsProtocol.swift */; };
		BB66EE57298A6BAF00B80C14 /* UsersCollectionViewCell.swift in Sources */ = {isa = PBXBuildFile; fileRef = BB66EE55298A6BAF00B80C14 /* UsersCollectionViewCell.swift */; };
		BB66EE58298A6BAF00B80C14 /* UsersCollectionViewCell.xib in Resources */ = {isa = PBXBuildFile; fileRef = BB66EE56298A6BAF00B80C14 /* UsersCollectionViewCell.xib */; };
		BB66EE5A298A945B00B80C14 /* FilteredUsers.swift in Sources */ = {isa = PBXBuildFile; fileRef = BB66EE59298A945B00B80C14 /* FilteredUsers.swift */; };
		BB66EE5C298AB22700B80C14 /* QuestionsInteractor.swift in Sources */ = {isa = PBXBuildFile; fileRef = BB66EE5B298AB22700B80C14 /* QuestionsInteractor.swift */; };
		BB672F76298676FD00CDE37A /* PostDetailsViewController.swift in Sources */ = {isa = PBXBuildFile; fileRef = BB672F75298676FD00CDE37A /* PostDetailsViewController.swift */; };
		BB678F6D2988FDA50017D0DF /* Helper.swift in Sources */ = {isa = PBXBuildFile; fileRef = BB678F6C2988FDA50017D0DF /* Helper.swift */; };
		BB678F7B298929BA0017D0DF /* PostDetailsPresenter.swift in Sources */ = {isa = PBXBuildFile; fileRef = BB678F7A298929BA0017D0DF /* PostDetailsPresenter.swift */; };
		BB678F8129892C4D0017D0DF /* NavBarRouter.swift in Sources */ = {isa = PBXBuildFile; fileRef = BB678F8029892C4D0017D0DF /* NavBarRouter.swift */; };
		BB678F83298930060017D0DF /* NavBarPresenter.swift in Sources */ = {isa = PBXBuildFile; fileRef = BB678F82298930060017D0DF /* NavBarPresenter.swift */; };
		BB684727297FE32900145344 /* AppDelegate.swift in Sources */ = {isa = PBXBuildFile; fileRef = BB684726297FE32900145344 /* AppDelegate.swift */; };
		BB684729297FE32900145344 /* SceneDelegate.swift in Sources */ = {isa = PBXBuildFile; fileRef = BB684728297FE32900145344 /* SceneDelegate.swift */; };
		BB68472E297FE32900145344 /* Main.storyboard in Resources */ = {isa = PBXBuildFile; fileRef = BB68472C297FE32900145344 /* Main.storyboard */; };
		BB684730297FE32C00145344 /* Assets.xcassets in Resources */ = {isa = PBXBuildFile; fileRef = BB68472F297FE32C00145344 /* Assets.xcassets */; };
		BB684733297FE32C00145344 /* LaunchScreen.storyboard in Resources */ = {isa = PBXBuildFile; fileRef = BB684731297FE32C00145344 /* LaunchScreen.storyboard */; };
		BB68473E297FE32D00145344 /* TrainingTaskTests.swift in Sources */ = {isa = PBXBuildFile; fileRef = BB68473D297FE32D00145344 /* TrainingTaskTests.swift */; };
		BB684748297FE32D00145344 /* TrainingTaskUITests.swift in Sources */ = {isa = PBXBuildFile; fileRef = BB684747297FE32D00145344 /* TrainingTaskUITests.swift */; };
		BB68474A297FE32D00145344 /* TrainingTaskUITestsLaunchTests.swift in Sources */ = {isa = PBXBuildFile; fileRef = BB684749297FE32D00145344 /* TrainingTaskUITestsLaunchTests.swift */; };
		BB6941BB298A582700CDAE72 /* User.swift in Sources */ = {isa = PBXBuildFile; fileRef = BB6941BA298A582700CDAE72 /* User.swift */; };
		BB6941C8298A5AA200CDAE72 /* QuestionsViewController.swift in Sources */ = {isa = PBXBuildFile; fileRef = BB6941C6298A5AA200CDAE72 /* QuestionsViewController.swift */; };
		BB6941C9298A5AA200CDAE72 /* QuestionsViewController.xib in Resources */ = {isa = PBXBuildFile; fileRef = BB6941C7298A5AA200CDAE72 /* QuestionsViewController.xib */; };
		BB6941CB298A5B7A00CDAE72 /* QuestionsRouter.swift in Sources */ = {isa = PBXBuildFile; fileRef = BB6941CA298A5B7A00CDAE72 /* QuestionsRouter.swift */; };
		BB6B041129923FC100AAD39C /* VideosViewController.swift in Sources */ = {isa = PBXBuildFile; fileRef = BB6B040F29923FC100AAD39C /* VideosViewController.swift */; };
		BB6B041229923FC100AAD39C /* VideosViewController.xib in Resources */ = {isa = PBXBuildFile; fileRef = BB6B041029923FC100AAD39C /* VideosViewController.xib */; };
		BB6B041829924FC100AAD39C /* VideosRouter.swift in Sources */ = {isa = PBXBuildFile; fileRef = BB6B041729924FC100AAD39C /* VideosRouter.swift */; };
		BB6B041A299251CA00AAD39C /* VideosInteractor.swift in Sources */ = {isa = PBXBuildFile; fileRef = BB6B0419299251CA00AAD39C /* VideosInteractor.swift */; };
		BB6B041C2992558100AAD39C /* VideosProtocol.swift in Sources */ = {isa = PBXBuildFile; fileRef = BB6B041B2992558100AAD39C /* VideosProtocol.swift */; };
		BB6B041E299255D900AAD39C /* VideosPresenter.swift in Sources */ = {isa = PBXBuildFile; fileRef = BB6B041D299255D900AAD39C /* VideosPresenter.swift */; };
		BB6EA096298E816C000DC122 /* FiltersCollectionViewProtocol.swift in Sources */ = {isa = PBXBuildFile; fileRef = BB6EA095298E816C000DC122 /* FiltersCollectionViewProtocol.swift */; };
		BB6EA0A5298E83D8000DC122 /* FiltersCollectionView.swift in Sources */ = {isa = PBXBuildFile; fileRef = BB6EA0A4298E83D8000DC122 /* FiltersCollectionView.swift */; };
		BB6F3D78298FE242008D73D6 /* UserDetailsViewController.swift in Sources */ = {isa = PBXBuildFile; fileRef = BB6F3D76298FE242008D73D6 /* UserDetailsViewController.swift */; };
		BB6F3D79298FE242008D73D6 /* UserDetailsViewController.xib in Resources */ = {isa = PBXBuildFile; fileRef = BB6F3D77298FE242008D73D6 /* UserDetailsViewController.xib */; };
		BB6F3D7C298FE499008D73D6 /* UserDetailsRouter.swift in Sources */ = {isa = PBXBuildFile; fileRef = BB6F3D7B298FE499008D73D6 /* UserDetailsRouter.swift */; };
		BB6F3D7F298FE5B3008D73D6 /* UserDetailsPresenter.swift in Sources */ = {isa = PBXBuildFile; fileRef = BB6F3D7E298FE5B3008D73D6 /* UserDetailsPresenter.swift */; };
		BB6F3D82298FE607008D73D6 /* UserDetailsProtocol.swift in Sources */ = {isa = PBXBuildFile; fileRef = BB6F3D81298FE607008D73D6 /* UserDetailsProtocol.swift */; };
		BB707195298131E2009EDCCD /* ForYouViewController.swift in Sources */ = {isa = PBXBuildFile; fileRef = BB707194298131E2009EDCCD /* ForYouViewController.swift */; };
		BB89E9E02991650F009C393E /* PostsTableView.swift in Sources */ = {isa = PBXBuildFile; fileRef = BB89E9DF2991650F009C393E /* PostsTableView.swift */; };
		BB89E9E429916D16009C393E /* PostTableViewProtocol.swift in Sources */ = {isa = PBXBuildFile; fileRef = BB89E9E329916D16009C393E /* PostTableViewProtocol.swift */; };
		BB8EA54D29893C16001454AA /* NavBarProtocol.swift in Sources */ = {isa = PBXBuildFile; fileRef = BB8EA54C29893C16001454AA /* NavBarProtocol.swift */; };
		BBDF9F0D297FFCCE00BEF26B /* CustomNavigationBar.xib in Resources */ = {isa = PBXBuildFile; fileRef = BBDF9F0C297FFCCE00BEF26B /* CustomNavigationBar.xib */; };
		BBDF9F0F297FFD1E00BEF26B /* CustomNavigationBar.swift in Sources */ = {isa = PBXBuildFile; fileRef = BBDF9F0E297FFD1E00BEF26B /* CustomNavigationBar.swift */; };
		BBE38BD52986CF7F0008E81A /* ApplicationFlow.swift in Sources */ = {isa = PBXBuildFile; fileRef = BBE38BD42986CF7F0008E81A /* ApplicationFlow.swift */; };
		BBE38BD72986E0CE0008E81A /* NetworkUtils.swift in Sources */ = {isa = PBXBuildFile; fileRef = BBE38BD62986E0CE0008E81A /* NetworkUtils.swift */; };
		BBE38BD92986EA3E0008E81A /* ForYouViewController.xib in Resources */ = {isa = PBXBuildFile; fileRef = BBE38BD82986EA3E0008E81A /* ForYouViewController.xib */; };
		BBE38BDB2986F9940008E81A /* FilteredPostsEntity.swift in Sources */ = {isa = PBXBuildFile; fileRef = BBE38BDA2986F9940008E81A /* FilteredPostsEntity.swift */; };
		BBFF235B2980329D0094E724 /* FiltersCollectionViewCell.swift in Sources */ = {isa = PBXBuildFile; fileRef = BBFF23592980329D0094E724 /* FiltersCollectionViewCell.swift */; };
		BBFF235C2980329E0094E724 /* FiltersCollectionViewCell.xib in Resources */ = {isa = PBXBuildFile; fileRef = BBFF235A2980329D0094E724 /* FiltersCollectionViewCell.xib */; };
/* End PBXBuildFile section */

/* Begin PBXContainerItemProxy section */
		BB68473A297FE32D00145344 /* PBXContainerItemProxy */ = {
			isa = PBXContainerItemProxy;
			containerPortal = BB68471B297FE32900145344 /* Project object */;
			proxyType = 1;
			remoteGlobalIDString = BB684722297FE32900145344;
			remoteInfo = TrainingTask;
		};
		BB684744297FE32D00145344 /* PBXContainerItemProxy */ = {
			isa = PBXContainerItemProxy;
			containerPortal = BB68471B297FE32900145344 /* Project object */;
			proxyType = 1;
			remoteGlobalIDString = BB684722297FE32900145344;
			remoteInfo = TrainingTask;
		};
/* End PBXContainerItemProxy section */

/* Begin PBXFileReference section */
		0C5B564AAB9FAD11561C3257 /* Pods-TrainingTask.debug.xcconfig */ = {isa = PBXFileReference; includeInIndex = 1; lastKnownFileType = text.xcconfig; name = "Pods-TrainingTask.debug.xcconfig"; path = "Target Support Files/Pods-TrainingTask/Pods-TrainingTask.debug.xcconfig"; sourceTree = "<group>"; };
		1A377B5F6B9CB152C46E3A4D /* Pods-TrainingTaskTests.release.xcconfig */ = {isa = PBXFileReference; includeInIndex = 1; lastKnownFileType = text.xcconfig; name = "Pods-TrainingTaskTests.release.xcconfig"; path = "Target Support Files/Pods-TrainingTaskTests/Pods-TrainingTaskTests.release.xcconfig"; sourceTree = "<group>"; };
		38AC1E13FC77263E41635CE2 /* Pods_TrainingTask_TrainingTaskUITests.framework */ = {isa = PBXFileReference; explicitFileType = wrapper.framework; includeInIndex = 0; path = Pods_TrainingTask_TrainingTaskUITests.framework; sourceTree = BUILT_PRODUCTS_DIR; };
		5101D24813A1CC2AC168C594 /* Pods-TrainingTask-TrainingTaskUITests.release.xcconfig */ = {isa = PBXFileReference; includeInIndex = 1; lastKnownFileType = text.xcconfig; name = "Pods-TrainingTask-TrainingTaskUITests.release.xcconfig"; path = "Target Support Files/Pods-TrainingTask-TrainingTaskUITests/Pods-TrainingTask-TrainingTaskUITests.release.xcconfig"; sourceTree = "<group>"; };
		5F214CC6F41F0B19A8164177 /* Pods-TrainingTask-TrainingTaskUITests.debug.xcconfig */ = {isa = PBXFileReference; includeInIndex = 1; lastKnownFileType = text.xcconfig; name = "Pods-TrainingTask-TrainingTaskUITests.debug.xcconfig"; path = "Target Support Files/Pods-TrainingTask-TrainingTaskUITests/Pods-TrainingTask-TrainingTaskUITests.debug.xcconfig"; sourceTree = "<group>"; };
		B5F05700CBBBB2081FA2AA99 /* Pods_TrainingTask.framework */ = {isa = PBXFileReference; explicitFileType = wrapper.framework; includeInIndex = 0; path = Pods_TrainingTask.framework; sourceTree = BUILT_PRODUCTS_DIR; };
		BB06F9F8298158CE00E6EABC /* Enums.swift */ = {isa = PBXFileReference; lastKnownFileType = sourcecode.swift; path = Enums.swift; sourceTree = "<group>"; };
		BB06F9FA29815DCE00E6EABC /* Post.swift */ = {isa = PBXFileReference; lastKnownFileType = sourcecode.swift; path = Post.swift; sourceTree = "<group>"; };
		BB06F9FD29815E8A00E6EABC /* PostTableViewCell.swift */ = {isa = PBXFileReference; lastKnownFileType = sourcecode.swift; path = PostTableViewCell.swift; sourceTree = "<group>"; };
		BB06F9FE29815E8A00E6EABC /* PostTableViewCell.xib */ = {isa = PBXFileReference; lastKnownFileType = file.xib; path = PostTableViewCell.xib; sourceTree = "<group>"; };
		BB06FA012981693400E6EABC /* Constants.swift */ = {isa = PBXFileReference; lastKnownFileType = sourcecode.swift; path = Constants.swift; sourceTree = "<group>"; };
		BB06FA0529816A8300E6EABC /* PostProtocol.swift */ = {isa = PBXFileReference; lastKnownFileType = sourcecode.swift; path = PostProtocol.swift; sourceTree = "<group>"; };
		BB06FA0B29816FEC00E6EABC /* PostsPresenter.swift */ = {isa = PBXFileReference; lastKnownFileType = sourcecode.swift; path = PostsPresenter.swift; sourceTree = "<group>"; };
		BB06FA0D298170DC00E6EABC /* PostsInteractor.swift */ = {isa = PBXFileReference; lastKnownFileType = sourcecode.swift; path = PostsInteractor.swift; sourceTree = "<group>"; };
		BB06FA0F298176CB00E6EABC /* PostsRouter.swift */ = {isa = PBXFileReference; lastKnownFileType = sourcecode.swift; path = PostsRouter.swift; sourceTree = "<group>"; };
		BB65C10E2987ECE500246226 /* PostDetailsViewController.xib */ = {isa = PBXFileReference; lastKnownFileType = file.xib; path = PostDetailsViewController.xib; sourceTree = "<group>"; };
		BB65C1102987ED4A00246226 /* PostDetailsRouter.swift */ = {isa = PBXFileReference; lastKnownFileType = sourcecode.swift; path = PostDetailsRouter.swift; sourceTree = "<group>"; };
		BB65C1122987EDD100246226 /* PostDetailsProtocol.swift */ = {isa = PBXFileReference; lastKnownFileType = sourcecode.swift; path = PostDetailsProtocol.swift; sourceTree = "<group>"; };
		BB664580298F9D9D000FFF81 /* UIHelper.swift */ = {isa = PBXFileReference; lastKnownFileType = sourcecode.swift; path = UIHelper.swift; sourceTree = "<group>"; };
		BB664589298FD0D4000FFF81 /* CellEnums.swift */ = {isa = PBXFileReference; lastKnownFileType = sourcecode.swift; path = CellEnums.swift; sourceTree = "<group>"; };
		BB66EE4A298A631100B80C14 /* QuestionsPresenter.swift */ = {isa = PBXFileReference; lastKnownFileType = sourcecode.swift; path = QuestionsPresenter.swift; sourceTree = "<group>"; };
		BB66EE4C298A636B00B80C14 /* QuestionsProtocol.swift */ = {isa = PBXFileReference; lastKnownFileType = sourcecode.swift; path = QuestionsProtocol.swift; sourceTree = "<group>"; };
		BB66EE55298A6BAF00B80C14 /* UsersCollectionViewCell.swift */ = {isa = PBXFileReference; lastKnownFileType = sourcecode.swift; path = UsersCollectionViewCell.swift; sourceTree = "<group>"; };
		BB66EE56298A6BAF00B80C14 /* UsersCollectionViewCell.xib */ = {isa = PBXFileReference; lastKnownFileType = file.xib; path = UsersCollectionViewCell.xib; sourceTree = "<group>"; };
		BB66EE59298A945B00B80C14 /* FilteredUsers.swift */ = {isa = PBXFileReference; lastKnownFileType = sourcecode.swift; path = FilteredUsers.swift; sourceTree = "<group>"; };
		BB66EE5B298AB22700B80C14 /* QuestionsInteractor.swift */ = {isa = PBXFileReference; lastKnownFileType = sourcecode.swift; path = QuestionsInteractor.swift; sourceTree = "<group>"; };
		BB672F75298676FD00CDE37A /* PostDetailsViewController.swift */ = {isa = PBXFileReference; lastKnownFileType = sourcecode.swift; path = PostDetailsViewController.swift; sourceTree = "<group>"; };
		BB678F6C2988FDA50017D0DF /* Helper.swift */ = {isa = PBXFileReference; lastKnownFileType = sourcecode.swift; path = Helper.swift; sourceTree = "<group>"; };
		BB678F7A298929BA0017D0DF /* PostDetailsPresenter.swift */ = {isa = PBXFileReference; lastKnownFileType = sourcecode.swift; path = PostDetailsPresenter.swift; sourceTree = "<group>"; };
		BB678F8029892C4D0017D0DF /* NavBarRouter.swift */ = {isa = PBXFileReference; lastKnownFileType = sourcecode.swift; path = NavBarRouter.swift; sourceTree = "<group>"; };
		BB678F82298930060017D0DF /* NavBarPresenter.swift */ = {isa = PBXFileReference; lastKnownFileType = sourcecode.swift; path = NavBarPresenter.swift; sourceTree = "<group>"; };
		BB684723297FE32900145344 /* TrainingTask.app */ = {isa = PBXFileReference; explicitFileType = wrapper.application; includeInIndex = 0; path = TrainingTask.app; sourceTree = BUILT_PRODUCTS_DIR; };
		BB684726297FE32900145344 /* AppDelegate.swift */ = {isa = PBXFileReference; lastKnownFileType = sourcecode.swift; path = AppDelegate.swift; sourceTree = "<group>"; };
		BB684728297FE32900145344 /* SceneDelegate.swift */ = {isa = PBXFileReference; lastKnownFileType = sourcecode.swift; path = SceneDelegate.swift; sourceTree = "<group>"; };
		BB68472D297FE32900145344 /* Base */ = {isa = PBXFileReference; lastKnownFileType = file.storyboard; name = Base; path = Base.lproj/Main.storyboard; sourceTree = "<group>"; };
		BB68472F297FE32C00145344 /* Assets.xcassets */ = {isa = PBXFileReference; lastKnownFileType = folder.assetcatalog; path = Assets.xcassets; sourceTree = "<group>"; };
		BB684732297FE32C00145344 /* Base */ = {isa = PBXFileReference; lastKnownFileType = file.storyboard; name = Base; path = Base.lproj/LaunchScreen.storyboard; sourceTree = "<group>"; };
		BB684734297FE32C00145344 /* Info.plist */ = {isa = PBXFileReference; lastKnownFileType = text.plist.xml; path = Info.plist; sourceTree = "<group>"; };
		BB684739297FE32D00145344 /* TrainingTaskTests.xctest */ = {isa = PBXFileReference; explicitFileType = wrapper.cfbundle; includeInIndex = 0; path = TrainingTaskTests.xctest; sourceTree = BUILT_PRODUCTS_DIR; };
		BB68473D297FE32D00145344 /* TrainingTaskTests.swift */ = {isa = PBXFileReference; lastKnownFileType = sourcecode.swift; path = TrainingTaskTests.swift; sourceTree = "<group>"; };
		BB684743297FE32D00145344 /* TrainingTaskUITests.xctest */ = {isa = PBXFileReference; explicitFileType = wrapper.cfbundle; includeInIndex = 0; path = TrainingTaskUITests.xctest; sourceTree = BUILT_PRODUCTS_DIR; };
		BB684747297FE32D00145344 /* TrainingTaskUITests.swift */ = {isa = PBXFileReference; lastKnownFileType = sourcecode.swift; path = TrainingTaskUITests.swift; sourceTree = "<group>"; };
		BB684749297FE32D00145344 /* TrainingTaskUITestsLaunchTests.swift */ = {isa = PBXFileReference; lastKnownFileType = sourcecode.swift; path = TrainingTaskUITestsLaunchTests.swift; sourceTree = "<group>"; };
		BB6941BA298A582700CDAE72 /* User.swift */ = {isa = PBXFileReference; lastKnownFileType = sourcecode.swift; path = User.swift; sourceTree = "<group>"; };
		BB6941C6298A5AA200CDAE72 /* QuestionsViewController.swift */ = {isa = PBXFileReference; lastKnownFileType = sourcecode.swift; path = QuestionsViewController.swift; sourceTree = "<group>"; };
		BB6941C7298A5AA200CDAE72 /* QuestionsViewController.xib */ = {isa = PBXFileReference; lastKnownFileType = file.xib; path = QuestionsViewController.xib; sourceTree = "<group>"; };
		BB6941CA298A5B7A00CDAE72 /* QuestionsRouter.swift */ = {isa = PBXFileReference; lastKnownFileType = sourcecode.swift; path = QuestionsRouter.swift; sourceTree = "<group>"; };
		BB6B040F29923FC100AAD39C /* VideosViewController.swift */ = {isa = PBXFileReference; lastKnownFileType = sourcecode.swift; path = VideosViewController.swift; sourceTree = "<group>"; };
		BB6B041029923FC100AAD39C /* VideosViewController.xib */ = {isa = PBXFileReference; lastKnownFileType = file.xib; path = VideosViewController.xib; sourceTree = "<group>"; };
		BB6B041729924FC100AAD39C /* VideosRouter.swift */ = {isa = PBXFileReference; lastKnownFileType = sourcecode.swift; path = VideosRouter.swift; sourceTree = "<group>"; };
		BB6B0419299251CA00AAD39C /* VideosInteractor.swift */ = {isa = PBXFileReference; lastKnownFileType = sourcecode.swift; path = VideosInteractor.swift; sourceTree = "<group>"; };
		BB6B041B2992558100AAD39C /* VideosProtocol.swift */ = {isa = PBXFileReference; lastKnownFileType = sourcecode.swift; path = VideosProtocol.swift; sourceTree = "<group>"; };
		BB6B041D299255D900AAD39C /* VideosPresenter.swift */ = {isa = PBXFileReference; lastKnownFileType = sourcecode.swift; path = VideosPresenter.swift; sourceTree = "<group>"; };
		BB6EA095298E816C000DC122 /* FiltersCollectionViewProtocol.swift */ = {isa = PBXFileReference; lastKnownFileType = sourcecode.swift; path = FiltersCollectionViewProtocol.swift; sourceTree = "<group>"; };
		BB6EA0A4298E83D8000DC122 /* FiltersCollectionView.swift */ = {isa = PBXFileReference; lastKnownFileType = sourcecode.swift; path = FiltersCollectionView.swift; sourceTree = "<group>"; };
		BB6F3D76298FE242008D73D6 /* UserDetailsViewController.swift */ = {isa = PBXFileReference; lastKnownFileType = sourcecode.swift; path = UserDetailsViewController.swift; sourceTree = "<group>"; };
		BB6F3D77298FE242008D73D6 /* UserDetailsViewController.xib */ = {isa = PBXFileReference; lastKnownFileType = file.xib; path = UserDetailsViewController.xib; sourceTree = "<group>"; };
		BB6F3D7B298FE499008D73D6 /* UserDetailsRouter.swift */ = {isa = PBXFileReference; lastKnownFileType = sourcecode.swift; path = UserDetailsRouter.swift; sourceTree = "<group>"; };
		BB6F3D7E298FE5B3008D73D6 /* UserDetailsPresenter.swift */ = {isa = PBXFileReference; lastKnownFileType = sourcecode.swift; path = UserDetailsPresenter.swift; sourceTree = "<group>"; };
		BB6F3D81298FE607008D73D6 /* UserDetailsProtocol.swift */ = {isa = PBXFileReference; lastKnownFileType = sourcecode.swift; path = UserDetailsProtocol.swift; sourceTree = "<group>"; };
		BB707194298131E2009EDCCD /* ForYouViewController.swift */ = {isa = PBXFileReference; lastKnownFileType = sourcecode.swift; path = ForYouViewController.swift; sourceTree = "<group>"; };
		BB89E9DF2991650F009C393E /* PostsTableView.swift */ = {isa = PBXFileReference; lastKnownFileType = sourcecode.swift; path = PostsTableView.swift; sourceTree = "<group>"; };
		BB89E9E329916D16009C393E /* PostTableViewProtocol.swift */ = {isa = PBXFileReference; lastKnownFileType = sourcecode.swift; path = PostTableViewProtocol.swift; sourceTree = "<group>"; };
		BB8EA54C29893C16001454AA /* NavBarProtocol.swift */ = {isa = PBXFileReference; lastKnownFileType = sourcecode.swift; path = NavBarProtocol.swift; sourceTree = "<group>"; };
		BBDF9F0C297FFCCE00BEF26B /* CustomNavigationBar.xib */ = {isa = PBXFileReference; lastKnownFileType = file.xib; path = CustomNavigationBar.xib; sourceTree = "<group>"; };
		BBDF9F0E297FFD1E00BEF26B /* CustomNavigationBar.swift */ = {isa = PBXFileReference; lastKnownFileType = sourcecode.swift; path = CustomNavigationBar.swift; sourceTree = "<group>"; };
		BBE38BD42986CF7F0008E81A /* ApplicationFlow.swift */ = {isa = PBXFileReference; lastKnownFileType = sourcecode.swift; path = ApplicationFlow.swift; sourceTree = "<group>"; };
		BBE38BD62986E0CE0008E81A /* NetworkUtils.swift */ = {isa = PBXFileReference; lastKnownFileType = sourcecode.swift; path = NetworkUtils.swift; sourceTree = "<group>"; };
		BBE38BD82986EA3E0008E81A /* ForYouViewController.xib */ = {isa = PBXFileReference; lastKnownFileType = file.xib; path = ForYouViewController.xib; sourceTree = "<group>"; };
		BBE38BDA2986F9940008E81A /* FilteredPostsEntity.swift */ = {isa = PBXFileReference; lastKnownFileType = sourcecode.swift; path = FilteredPostsEntity.swift; sourceTree = "<group>"; };
		BBFF23592980329D0094E724 /* FiltersCollectionViewCell.swift */ = {isa = PBXFileReference; lastKnownFileType = sourcecode.swift; path = FiltersCollectionViewCell.swift; sourceTree = "<group>"; };
		BBFF235A2980329D0094E724 /* FiltersCollectionViewCell.xib */ = {isa = PBXFileReference; lastKnownFileType = file.xib; path = FiltersCollectionViewCell.xib; sourceTree = "<group>"; };
		BE28838148ED5F25D5E992F1 /* Pods-TrainingTask.release.xcconfig */ = {isa = PBXFileReference; includeInIndex = 1; lastKnownFileType = text.xcconfig; name = "Pods-TrainingTask.release.xcconfig"; path = "Target Support Files/Pods-TrainingTask/Pods-TrainingTask.release.xcconfig"; sourceTree = "<group>"; };
		C2B9DF923463497D19039AA4 /* Pods_TrainingTaskTests.framework */ = {isa = PBXFileReference; explicitFileType = wrapper.framework; includeInIndex = 0; path = Pods_TrainingTaskTests.framework; sourceTree = BUILT_PRODUCTS_DIR; };
		D33539F3A67C48F34DB92C6D /* Pods-TrainingTaskTests.debug.xcconfig */ = {isa = PBXFileReference; includeInIndex = 1; lastKnownFileType = text.xcconfig; name = "Pods-TrainingTaskTests.debug.xcconfig"; path = "Target Support Files/Pods-TrainingTaskTests/Pods-TrainingTaskTests.debug.xcconfig"; sourceTree = "<group>"; };
/* End PBXFileReference section */

/* Begin PBXFrameworksBuildPhase section */
		BB684720297FE32900145344 /* Frameworks */ = {
			isa = PBXFrameworksBuildPhase;
			buildActionMask = 2147483647;
			files = (
				A540A44B2B0420C66ADDA50A /* Pods_TrainingTask.framework in Frameworks */,
			);
			runOnlyForDeploymentPostprocessing = 0;
		};
		BB684736297FE32D00145344 /* Frameworks */ = {
			isa = PBXFrameworksBuildPhase;
			buildActionMask = 2147483647;
			files = (
				B1F8C53E6414AE80A47DDCB0 /* Pods_TrainingTaskTests.framework in Frameworks */,
			);
			runOnlyForDeploymentPostprocessing = 0;
		};
		BB684740297FE32D00145344 /* Frameworks */ = {
			isa = PBXFrameworksBuildPhase;
			buildActionMask = 2147483647;
			files = (
				60F13129D00D1E8872BD4EC1 /* Pods_TrainingTask_TrainingTaskUITests.framework in Frameworks */,
			);
			runOnlyForDeploymentPostprocessing = 0;
		};
/* End PBXFrameworksBuildPhase section */

/* Begin PBXGroup section */
		40D5E72A2DF0EA28F982DB87 /* Frameworks */ = {
			isa = PBXGroup;
			children = (
				B5F05700CBBBB2081FA2AA99 /* Pods_TrainingTask.framework */,
				38AC1E13FC77263E41635CE2 /* Pods_TrainingTask_TrainingTaskUITests.framework */,
				C2B9DF923463497D19039AA4 /* Pods_TrainingTaskTests.framework */,
			);
			name = Frameworks;
			sourceTree = "<group>";
		};
		7E11DC294A9032B2FD2E85F4 /* Pods */ = {
			isa = PBXGroup;
			children = (
				0C5B564AAB9FAD11561C3257 /* Pods-TrainingTask.debug.xcconfig */,
				BE28838148ED5F25D5E992F1 /* Pods-TrainingTask.release.xcconfig */,
				5F214CC6F41F0B19A8164177 /* Pods-TrainingTask-TrainingTaskUITests.debug.xcconfig */,
				5101D24813A1CC2AC168C594 /* Pods-TrainingTask-TrainingTaskUITests.release.xcconfig */,
				D33539F3A67C48F34DB92C6D /* Pods-TrainingTaskTests.debug.xcconfig */,
				1A377B5F6B9CB152C46E3A4D /* Pods-TrainingTaskTests.release.xcconfig */,
			);
			path = Pods;
			sourceTree = "<group>";
		};
		BB06F9F7298158B700E6EABC /* utils */ = {
			isa = PBXGroup;
			children = (
				BB06F9F8298158CE00E6EABC /* Enums.swift */,
				BB06FA012981693400E6EABC /* Constants.swift */,
				BBE38BD62986E0CE0008E81A /* NetworkUtils.swift */,
				BB678F6C2988FDA50017D0DF /* Helper.swift */,
				BB664580298F9D9D000FFF81 /* UIHelper.swift */,
			);
			path = utils;
			sourceTree = "<group>";
		};
		BB06F9FC29815E5700E6EABC /* postTableViewCell */ = {
			isa = PBXGroup;
			children = (
				BB06F9FD29815E8A00E6EABC /* PostTableViewCell.swift */,
				BB06F9FE29815E8A00E6EABC /* PostTableViewCell.xib */,
			);
			path = postTableViewCell;
			sourceTree = "<group>";
		};
		BB66EE4E298A684C00B80C14 /* entity */ = {
			isa = PBXGroup;
			children = (
				BB66EE59298A945B00B80C14 /* FilteredUsers.swift */,
				BB664589298FD0D4000FFF81 /* CellEnums.swift */,
			);
			path = entity;
			sourceTree = "<group>";
		};
		BB66EE4F298A6A4F00B80C14 /* UserCell */ = {
			isa = PBXGroup;
			children = (
				BB66EE55298A6BAF00B80C14 /* UsersCollectionViewCell.swift */,
				BB66EE56298A6BAF00B80C14 /* UsersCollectionViewCell.xib */,
			);
			path = UserCell;
			sourceTree = "<group>";
		};
		BB678F6E29891A4C0017D0DF /* view */ = {
			isa = PBXGroup;
			children = (
				BB678F6F29891A6F0017D0DF /* ForYouVC */,
			);
			path = view;
			sourceTree = "<group>";
		};
		BB678F6F29891A6F0017D0DF /* ForYouVC */ = {
			isa = PBXGroup;
			children = (
				BB707194298131E2009EDCCD /* ForYouViewController.swift */,
				BBE38BD82986EA3E0008E81A /* ForYouViewController.xib */,
			);
			path = ForYouVC;
			sourceTree = "<group>";
		};
		BB678F7029891A9C0017D0DF /* interactor */ = {
			isa = PBXGroup;
			children = (
				BB06FA0D298170DC00E6EABC /* PostsInteractor.swift */,
			);
			path = interactor;
			sourceTree = "<group>";
		};
		BB678F7129891AB00017D0DF /* router */ = {
			isa = PBXGroup;
			children = (
				BB06FA0F298176CB00E6EABC /* PostsRouter.swift */,
			);
			path = router;
			sourceTree = "<group>";
		};
		BB678F7229891AC50017D0DF /* presenter */ = {
			isa = PBXGroup;
			children = (
				BB06FA0B29816FEC00E6EABC /* PostsPresenter.swift */,
			);
			path = presenter;
			sourceTree = "<group>";
		};
		BB678F7329891AD20017D0DF /* entity */ = {
			isa = PBXGroup;
			children = (
				BBE38BDA2986F9940008E81A /* FilteredPostsEntity.swift */,
			);
			path = entity;
			sourceTree = "<group>";
		};
		BB678F7429891AF80017D0DF /* protocol */ = {
			isa = PBXGroup;
			children = (
				BB06FA0529816A8300E6EABC /* PostProtocol.swift */,
			);
			path = protocol;
			sourceTree = "<group>";
		};
		BB678F7529891B0E0017D0DF /* view */ = {
			isa = PBXGroup;
			children = (
				BB678F7629891B190017D0DF /* PostDetailsVC */,
			);
			path = view;
			sourceTree = "<group>";
		};
		BB678F7629891B190017D0DF /* PostDetailsVC */ = {
			isa = PBXGroup;
			children = (
				BB672F75298676FD00CDE37A /* PostDetailsViewController.swift */,
				BB65C10E2987ECE500246226 /* PostDetailsViewController.xib */,
			);
			path = PostDetailsVC;
			sourceTree = "<group>";
		};
		BB678F7729891B940017D0DF /* router */ = {
			isa = PBXGroup;
			children = (
				BB65C1102987ED4A00246226 /* PostDetailsRouter.swift */,
			);
			path = router;
			sourceTree = "<group>";
		};
		BB678F7829891BA30017D0DF /* presenter */ = {
			isa = PBXGroup;
			children = (
				BB678F7A298929BA0017D0DF /* PostDetailsPresenter.swift */,
			);
			path = presenter;
			sourceTree = "<group>";
		};
		BB678F7929891BB40017D0DF /* protocol */ = {
			isa = PBXGroup;
			children = (
				BB65C1122987EDD100246226 /* PostDetailsProtocol.swift */,
			);
			path = protocol;
			sourceTree = "<group>";
		};
		BB678F7C29892B070017D0DF /* NavigationBar */ = {
			isa = PBXGroup;
			children = (
				BB678F7D29892B220017D0DF /* view */,
				BB678F7E29892B450017D0DF /* presenter */,
				BB678F7F29892B540017D0DF /* router */,
				BB8EA54B29893BFA001454AA /* protocol */,
			);
			path = NavigationBar;
			sourceTree = "<group>";
		};
		BB678F7D29892B220017D0DF /* view */ = {
			isa = PBXGroup;
			children = (
				BBDF9F0E297FFD1E00BEF26B /* CustomNavigationBar.swift */,
				BBDF9F0C297FFCCE00BEF26B /* CustomNavigationBar.xib */,
			);
			path = view;
			sourceTree = "<group>";
		};
		BB678F7E29892B450017D0DF /* presenter */ = {
			isa = PBXGroup;
			children = (
				BB678F82298930060017D0DF /* NavBarPresenter.swift */,
			);
			path = presenter;
			sourceTree = "<group>";
		};
		BB678F7F29892B540017D0DF /* router */ = {
			isa = PBXGroup;
			children = (
				BB678F8029892C4D0017D0DF /* NavBarRouter.swift */,
			);
			path = router;
			sourceTree = "<group>";
		};
		BB68471A297FE32900145344 = {
			isa = PBXGroup;
			children = (
				BB684725297FE32900145344 /* TrainingTask */,
				BB68473C297FE32D00145344 /* TrainingTaskTests */,
				BB684746297FE32D00145344 /* TrainingTaskUITests */,
				BB684724297FE32900145344 /* Products */,
				7E11DC294A9032B2FD2E85F4 /* Pods */,
				40D5E72A2DF0EA28F982DB87 /* Frameworks */,
			);
			sourceTree = "<group>";
		};
		BB684724297FE32900145344 /* Products */ = {
			isa = PBXGroup;
			children = (
				BB684723297FE32900145344 /* TrainingTask.app */,
				BB684739297FE32D00145344 /* TrainingTaskTests.xctest */,
				BB684743297FE32D00145344 /* TrainingTaskUITests.xctest */,
			);
			name = Products;
			sourceTree = "<group>";
		};
		BB684725297FE32900145344 /* TrainingTask */ = {
			isa = PBXGroup;
			children = (
				BBE38BD42986CF7F0008E81A /* ApplicationFlow.swift */,
				BB678F7C29892B070017D0DF /* NavigationBar */,
				BBC703F3298BE496002CF1AA /* FiltersCollectionView */,
				BB89E9DD299164CE009C393E /* PostsTableView */,
				BBE38BD22986B7550008E81A /* ForYouScreen */,
				BBE38BD32986B7660008E81A /* PostDetailsScreen */,
				BB6941B9298A560300CDAE72 /* QuestionsScreen */,
				BB6F3D74298FE201008D73D6 /* UserDetailsScreen */,
				BB6B040D29923F8100AAD39C /* VideosScreen */,
				BB684757297FE61C00145344 /* entity */,
				BB06F9F7298158B700E6EABC /* utils */,
				BB684726297FE32900145344 /* AppDelegate.swift */,
				BB684728297FE32900145344 /* SceneDelegate.swift */,
				BB68472C297FE32900145344 /* Main.storyboard */,
				BB68472F297FE32C00145344 /* Assets.xcassets */,
				BB684731297FE32C00145344 /* LaunchScreen.storyboard */,
				BB684734297FE32C00145344 /* Info.plist */,
			);
			path = TrainingTask;
			sourceTree = "<group>";
		};
		BB68473C297FE32D00145344 /* TrainingTaskTests */ = {
			isa = PBXGroup;
			children = (
				BB68473D297FE32D00145344 /* TrainingTaskTests.swift */,
			);
			path = TrainingTaskTests;
			sourceTree = "<group>";
		};
		BB684746297FE32D00145344 /* TrainingTaskUITests */ = {
			isa = PBXGroup;
			children = (
				BB684747297FE32D00145344 /* TrainingTaskUITests.swift */,
				BB684749297FE32D00145344 /* TrainingTaskUITestsLaunchTests.swift */,
			);
			path = TrainingTaskUITests;
			sourceTree = "<group>";
		};
		BB684757297FE61C00145344 /* entity */ = {
			isa = PBXGroup;
			children = (
				BB06F9FA29815DCE00E6EABC /* Post.swift */,
				BB6941BA298A582700CDAE72 /* User.swift */,
			);
			path = entity;
			sourceTree = "<group>";
		};
		BB6941B9298A560300CDAE72 /* QuestionsScreen */ = {
			isa = PBXGroup;
			children = (
				BB6941BC298A59AA00CDAE72 /* view */,
				BB6941BD298A59CC00CDAE72 /* interactor */,
				BB6941BE298A59D500CDAE72 /* presenter */,
				BB66EE4E298A684C00B80C14 /* entity */,
				BB6941BF298A59DE00CDAE72 /* router */,
				BB6941C0298A59E500CDAE72 /* protocol */,
			);
			path = QuestionsScreen;
			sourceTree = "<group>";
		};
		BB6941BC298A59AA00CDAE72 /* view */ = {
			isa = PBXGroup;
			children = (
				BB6941C1298A5A4300CDAE72 /* QuestionsVC */,
				BB66EE4F298A6A4F00B80C14 /* UserCell */,
			);
			path = view;
			sourceTree = "<group>";
		};
		BB6941BD298A59CC00CDAE72 /* interactor */ = {
			isa = PBXGroup;
			children = (
				BB66EE5B298AB22700B80C14 /* QuestionsInteractor.swift */,
			);
			path = interactor;
			sourceTree = "<group>";
		};
		BB6941BE298A59D500CDAE72 /* presenter */ = {
			isa = PBXGroup;
			children = (
				BB66EE4A298A631100B80C14 /* QuestionsPresenter.swift */,
			);
			path = presenter;
			sourceTree = "<group>";
		};
		BB6941BF298A59DE00CDAE72 /* router */ = {
			isa = PBXGroup;
			children = (
				BB6941CA298A5B7A00CDAE72 /* QuestionsRouter.swift */,
			);
			path = router;
			sourceTree = "<group>";
		};
		BB6941C0298A59E500CDAE72 /* protocol */ = {
			isa = PBXGroup;
			children = (
				BB66EE4C298A636B00B80C14 /* QuestionsProtocol.swift */,
			);
			path = protocol;
			sourceTree = "<group>";
		};
		BB6941C1298A5A4300CDAE72 /* QuestionsVC */ = {
			isa = PBXGroup;
			children = (
				BB6941C6298A5AA200CDAE72 /* QuestionsViewController.swift */,
				BB6941C7298A5AA200CDAE72 /* QuestionsViewController.xib */,
			);
			path = QuestionsVC;
			sourceTree = "<group>";
		};
		BB6B040D29923F8100AAD39C /* VideosScreen */ = {
			isa = PBXGroup;
			children = (
				BB6B040E29923F9900AAD39C /* view */,
				BB6B041629924D4000AAD39C /* interactor */,
				BB6B041429924D2600AAD39C /* presenter */,
				BB6B041329924CA600AAD39C /* router */,
				BB6B041529924D3500AAD39C /* protocol */,
			);
			path = VideosScreen;
			sourceTree = "<group>";
		};
		BB6B040E29923F9900AAD39C /* view */ = {
			isa = PBXGroup;
			children = (
				BB6B040F29923FC100AAD39C /* VideosViewController.swift */,
				BB6B041029923FC100AAD39C /* VideosViewController.xib */,
			);
			path = view;
			sourceTree = "<group>";
		};
		BB6B041329924CA600AAD39C /* router */ = {
			isa = PBXGroup;
			children = (
				BB6B041729924FC100AAD39C /* VideosRouter.swift */,
			);
			path = router;
			sourceTree = "<group>";
		};
		BB6B041429924D2600AAD39C /* presenter */ = {
			isa = PBXGroup;
			children = (
				BB6B041D299255D900AAD39C /* VideosPresenter.swift */,
			);
			path = presenter;
			sourceTree = "<group>";
		};
		BB6B041529924D3500AAD39C /* protocol */ = {
			isa = PBXGroup;
			children = (
				BB6B041B2992558100AAD39C /* VideosProtocol.swift */,
			);
			path = protocol;
			sourceTree = "<group>";
		};
		BB6B041629924D4000AAD39C /* interactor */ = {
			isa = PBXGroup;
			children = (
				BB6B0419299251CA00AAD39C /* VideosInteractor.swift */,
			);
			path = interactor;
			sourceTree = "<group>";
		};
		BB6EA094298E8147000DC122 /* protocol */ = {
			isa = PBXGroup;
			children = (
				BB6EA095298E816C000DC122 /* FiltersCollectionViewProtocol.swift */,
			);
			path = protocol;
			sourceTree = "<group>";
		};
		BB6EA097298E819C000DC122 /* view */ = {
			isa = PBXGroup;
			children = (
				BB6EA0A8298E85C3000DC122 /* collectionView */,
				BBFF2354298031BA0094E724 /* collectionViewCell */,
			);
			path = view;
			sourceTree = "<group>";
		};
		BB6EA0A8298E85C3000DC122 /* collectionView */ = {
			isa = PBXGroup;
			children = (
				BB6EA0A4298E83D8000DC122 /* FiltersCollectionView.swift */,
			);
			path = collectionView;
			sourceTree = "<group>";
		};
		BB6F3D74298FE201008D73D6 /* UserDetailsScreen */ = {
			isa = PBXGroup;
			children = (
				BB6F3D75298FE210008D73D6 /* view */,
				BB6F3D7D298FE59D008D73D6 /* presenter */,
				BB6F3D7A298FE47E008D73D6 /* router */,
				BB6F3D80298FE5E7008D73D6 /* protocol */,
			);
			path = UserDetailsScreen;
			sourceTree = "<group>";
		};
		BB6F3D75298FE210008D73D6 /* view */ = {
			isa = PBXGroup;
			children = (
				BB6F3D76298FE242008D73D6 /* UserDetailsViewController.swift */,
				BB6F3D77298FE242008D73D6 /* UserDetailsViewController.xib */,
			);
			path = view;
			sourceTree = "<group>";
		};
		BB6F3D7A298FE47E008D73D6 /* router */ = {
			isa = PBXGroup;
			children = (
				BB6F3D7B298FE499008D73D6 /* UserDetailsRouter.swift */,
			);
			path = router;
			sourceTree = "<group>";
		};
		BB6F3D7D298FE59D008D73D6 /* presenter */ = {
			isa = PBXGroup;
			children = (
				BB6F3D7E298FE5B3008D73D6 /* UserDetailsPresenter.swift */,
			);
			path = presenter;
			sourceTree = "<group>";
		};
		BB6F3D80298FE5E7008D73D6 /* protocol */ = {
			isa = PBXGroup;
			children = (
				BB6F3D81298FE607008D73D6 /* UserDetailsProtocol.swift */,
			);
			path = protocol;
			sourceTree = "<group>";
		};
		BB89E9DD299164CE009C393E /* PostsTableView */ = {
			isa = PBXGroup;
			children = (
				BB89E9DE299164E4009C393E /* view */,
				BB89E9E2299167E1009C393E /* protocol */,
			);
			path = PostsTableView;
			sourceTree = "<group>";
		};
		BB89E9DE299164E4009C393E /* view */ = {
			isa = PBXGroup;
			children = (
				BB89E9E12991654E009C393E /* tableView */,
				BB06F9FC29815E5700E6EABC /* postTableViewCell */,
			);
			path = view;
			sourceTree = "<group>";
		};
		BB89E9E12991654E009C393E /* tableView */ = {
			isa = PBXGroup;
			children = (
				BB89E9DF2991650F009C393E /* PostsTableView.swift */,
			);
			path = tableView;
			sourceTree = "<group>";
		};
		BB89E9E2299167E1009C393E /* protocol */ = {
			isa = PBXGroup;
			children = (
				BB89E9E329916D16009C393E /* PostTableViewProtocol.swift */,
			);
			path = protocol;
			sourceTree = "<group>";
		};
		BB8EA54B29893BFA001454AA /* protocol */ = {
			isa = PBXGroup;
			children = (
				BB8EA54C29893C16001454AA /* NavBarProtocol.swift */,
			);
			path = protocol;
			sourceTree = "<group>";
		};
		BBC703F3298BE496002CF1AA /* FiltersCollectionView */ = {
			isa = PBXGroup;
			children = (
				BB6EA097298E819C000DC122 /* view */,
				BB6EA094298E8147000DC122 /* protocol */,
			);
			path = FiltersCollectionView;
			sourceTree = "<group>";
		};
		BBE38BD22986B7550008E81A /* ForYouScreen */ = {
			isa = PBXGroup;
			children = (
				BB678F6E29891A4C0017D0DF /* view */,
				BB678F7029891A9C0017D0DF /* interactor */,
				BB678F7229891AC50017D0DF /* presenter */,
				BB678F7329891AD20017D0DF /* entity */,
				BB678F7129891AB00017D0DF /* router */,
				BB678F7429891AF80017D0DF /* protocol */,
			);
			path = ForYouScreen;
			sourceTree = "<group>";
		};
		BBE38BD32986B7660008E81A /* PostDetailsScreen */ = {
			isa = PBXGroup;
			children = (
				BB678F7529891B0E0017D0DF /* view */,
				BB678F7829891BA30017D0DF /* presenter */,
				BB678F7729891B940017D0DF /* router */,
				BB678F7929891BB40017D0DF /* protocol */,
			);
			path = PostDetailsScreen;
			sourceTree = "<group>";
		};
		BBFF2354298031BA0094E724 /* collectionViewCell */ = {
			isa = PBXGroup;
			children = (
				BBFF23592980329D0094E724 /* FiltersCollectionViewCell.swift */,
				BBFF235A2980329D0094E724 /* FiltersCollectionViewCell.xib */,
			);
			path = collectionViewCell;
			sourceTree = "<group>";
		};
/* End PBXGroup section */

/* Begin PBXNativeTarget section */
		BB684722297FE32900145344 /* TrainingTask */ = {
			isa = PBXNativeTarget;
			buildConfigurationList = BB68474D297FE32D00145344 /* Build configuration list for PBXNativeTarget "TrainingTask" */;
			buildPhases = (
				A21CFF4FE01C52C5AB5B9E6E /* [CP] Check Pods Manifest.lock */,
				BB68471F297FE32900145344 /* Sources */,
				BB684720297FE32900145344 /* Frameworks */,
				BB684721297FE32900145344 /* Resources */,
				EBE1121D93AF951AE019CC52 /* [CP] Embed Pods Frameworks */,
			);
			buildRules = (
			);
			dependencies = (
			);
			name = TrainingTask;
			packageProductDependencies = (
			);
			productName = TrainingTask;
			productReference = BB684723297FE32900145344 /* TrainingTask.app */;
			productType = "com.apple.product-type.application";
		};
		BB684738297FE32D00145344 /* TrainingTaskTests */ = {
			isa = PBXNativeTarget;
			buildConfigurationList = BB684750297FE32D00145344 /* Build configuration list for PBXNativeTarget "TrainingTaskTests" */;
			buildPhases = (
				EAAF511B91C4BF8E3D911FDC /* [CP] Check Pods Manifest.lock */,
				BB684735297FE32D00145344 /* Sources */,
				BB684736297FE32D00145344 /* Frameworks */,
				BB684737297FE32D00145344 /* Resources */,
			);
			buildRules = (
			);
			dependencies = (
				BB68473B297FE32D00145344 /* PBXTargetDependency */,
			);
			name = TrainingTaskTests;
			productName = TrainingTaskTests;
			productReference = BB684739297FE32D00145344 /* TrainingTaskTests.xctest */;
			productType = "com.apple.product-type.bundle.unit-test";
		};
		BB684742297FE32D00145344 /* TrainingTaskUITests */ = {
			isa = PBXNativeTarget;
			buildConfigurationList = BB684753297FE32D00145344 /* Build configuration list for PBXNativeTarget "TrainingTaskUITests" */;
			buildPhases = (
				34FEB2768C4EA59073E65D9B /* [CP] Check Pods Manifest.lock */,
				BB68473F297FE32D00145344 /* Sources */,
				BB684740297FE32D00145344 /* Frameworks */,
				BB684741297FE32D00145344 /* Resources */,
				AEB3F3750932EAE5B71A39C4 /* [CP] Embed Pods Frameworks */,
			);
			buildRules = (
			);
			dependencies = (
				BB684745297FE32D00145344 /* PBXTargetDependency */,
			);
			name = TrainingTaskUITests;
			productName = TrainingTaskUITests;
			productReference = BB684743297FE32D00145344 /* TrainingTaskUITests.xctest */;
			productType = "com.apple.product-type.bundle.ui-testing";
		};
/* End PBXNativeTarget section */

/* Begin PBXProject section */
		BB68471B297FE32900145344 /* Project object */ = {
			isa = PBXProject;
			attributes = {
				BuildIndependentTargetsInParallel = 1;
				LastSwiftUpdateCheck = 1420;
				LastUpgradeCheck = 1420;
				TargetAttributes = {
					BB684722297FE32900145344 = {
						CreatedOnToolsVersion = 14.2;
					};
					BB684738297FE32D00145344 = {
						CreatedOnToolsVersion = 14.2;
						TestTargetID = BB684722297FE32900145344;
					};
					BB684742297FE32D00145344 = {
						CreatedOnToolsVersion = 14.2;
						TestTargetID = BB684722297FE32900145344;
					};
				};
			};
			buildConfigurationList = BB68471E297FE32900145344 /* Build configuration list for PBXProject "TrainingTask" */;
			compatibilityVersion = "Xcode 14.0";
			developmentRegion = en;
			hasScannedForEncodings = 0;
			knownRegions = (
				en,
				Base,
			);
			mainGroup = BB68471A297FE32900145344;
			packageReferences = (
			);
			productRefGroup = BB684724297FE32900145344 /* Products */;
			projectDirPath = "";
			projectRoot = "";
			targets = (
				BB684722297FE32900145344 /* TrainingTask */,
				BB684738297FE32D00145344 /* TrainingTaskTests */,
				BB684742297FE32D00145344 /* TrainingTaskUITests */,
			);
		};
/* End PBXProject section */

/* Begin PBXResourcesBuildPhase section */
		BB684721297FE32900145344 /* Resources */ = {
			isa = PBXResourcesBuildPhase;
			buildActionMask = 2147483647;
			files = (
				BBDF9F0D297FFCCE00BEF26B /* CustomNavigationBar.xib in Resources */,
				BB6F3D79298FE242008D73D6 /* UserDetailsViewController.xib in Resources */,
				BB65C10F2987ECE500246226 /* PostDetailsViewController.xib in Resources */,
				BB684733297FE32C00145344 /* LaunchScreen.storyboard in Resources */,
				BBE38BD92986EA3E0008E81A /* ForYouViewController.xib in Resources */,
				BBFF235C2980329E0094E724 /* FiltersCollectionViewCell.xib in Resources */,
				BB6B041229923FC100AAD39C /* VideosViewController.xib in Resources */,
				BB06FA0029815E8A00E6EABC /* PostTableViewCell.xib in Resources */,
				BB6941C9298A5AA200CDAE72 /* QuestionsViewController.xib in Resources */,
				BB66EE58298A6BAF00B80C14 /* UsersCollectionViewCell.xib in Resources */,
				BB684730297FE32C00145344 /* Assets.xcassets in Resources */,
				BB68472E297FE32900145344 /* Main.storyboard in Resources */,
			);
			runOnlyForDeploymentPostprocessing = 0;
		};
		BB684737297FE32D00145344 /* Resources */ = {
			isa = PBXResourcesBuildPhase;
			buildActionMask = 2147483647;
			files = (
			);
			runOnlyForDeploymentPostprocessing = 0;
		};
		BB684741297FE32D00145344 /* Resources */ = {
			isa = PBXResourcesBuildPhase;
			buildActionMask = 2147483647;
			files = (
			);
			runOnlyForDeploymentPostprocessing = 0;
		};
/* End PBXResourcesBuildPhase section */

/* Begin PBXShellScriptBuildPhase section */
		34FEB2768C4EA59073E65D9B /* [CP] Check Pods Manifest.lock */ = {
			isa = PBXShellScriptBuildPhase;
			buildActionMask = 2147483647;
			files = (
			);
			inputFileListPaths = (
			);
			inputPaths = (
				"${PODS_PODFILE_DIR_PATH}/Podfile.lock",
				"${PODS_ROOT}/Manifest.lock",
			);
			name = "[CP] Check Pods Manifest.lock";
			outputFileListPaths = (
			);
			outputPaths = (
				"$(DERIVED_FILE_DIR)/Pods-TrainingTask-TrainingTaskUITests-checkManifestLockResult.txt",
			);
			runOnlyForDeploymentPostprocessing = 0;
			shellPath = /bin/sh;
			shellScript = "diff \"${PODS_PODFILE_DIR_PATH}/Podfile.lock\" \"${PODS_ROOT}/Manifest.lock\" > /dev/null\nif [ $? != 0 ] ; then\n    # print error to STDERR\n    echo \"error: The sandbox is not in sync with the Podfile.lock. Run 'pod install' or update your CocoaPods installation.\" >&2\n    exit 1\nfi\n# This output is used by Xcode 'outputs' to avoid re-running this script phase.\necho \"SUCCESS\" > \"${SCRIPT_OUTPUT_FILE_0}\"\n";
			showEnvVarsInLog = 0;
		};
		A21CFF4FE01C52C5AB5B9E6E /* [CP] Check Pods Manifest.lock */ = {
			isa = PBXShellScriptBuildPhase;
			buildActionMask = 2147483647;
			files = (
			);
			inputFileListPaths = (
			);
			inputPaths = (
				"${PODS_PODFILE_DIR_PATH}/Podfile.lock",
				"${PODS_ROOT}/Manifest.lock",
			);
			name = "[CP] Check Pods Manifest.lock";
			outputFileListPaths = (
			);
			outputPaths = (
				"$(DERIVED_FILE_DIR)/Pods-TrainingTask-checkManifestLockResult.txt",
			);
			runOnlyForDeploymentPostprocessing = 0;
			shellPath = /bin/sh;
			shellScript = "diff \"${PODS_PODFILE_DIR_PATH}/Podfile.lock\" \"${PODS_ROOT}/Manifest.lock\" > /dev/null\nif [ $? != 0 ] ; then\n    # print error to STDERR\n    echo \"error: The sandbox is not in sync with the Podfile.lock. Run 'pod install' or update your CocoaPods installation.\" >&2\n    exit 1\nfi\n# This output is used by Xcode 'outputs' to avoid re-running this script phase.\necho \"SUCCESS\" > \"${SCRIPT_OUTPUT_FILE_0}\"\n";
			showEnvVarsInLog = 0;
		};
		AEB3F3750932EAE5B71A39C4 /* [CP] Embed Pods Frameworks */ = {
			isa = PBXShellScriptBuildPhase;
			buildActionMask = 2147483647;
			files = (
			);
			inputFileListPaths = (
				"${PODS_ROOT}/Target Support Files/Pods-TrainingTask-TrainingTaskUITests/Pods-TrainingTask-TrainingTaskUITests-frameworks-${CONFIGURATION}-input-files.xcfilelist",
			);
			name = "[CP] Embed Pods Frameworks";
			outputFileListPaths = (
				"${PODS_ROOT}/Target Support Files/Pods-TrainingTask-TrainingTaskUITests/Pods-TrainingTask-TrainingTaskUITests-frameworks-${CONFIGURATION}-output-files.xcfilelist",
			);
			runOnlyForDeploymentPostprocessing = 0;
			shellPath = /bin/sh;
			shellScript = "\"${PODS_ROOT}/Target Support Files/Pods-TrainingTask-TrainingTaskUITests/Pods-TrainingTask-TrainingTaskUITests-frameworks.sh\"\n";
			showEnvVarsInLog = 0;
		};
		EAAF511B91C4BF8E3D911FDC /* [CP] Check Pods Manifest.lock */ = {
			isa = PBXShellScriptBuildPhase;
			buildActionMask = 2147483647;
			files = (
			);
			inputFileListPaths = (
			);
			inputPaths = (
				"${PODS_PODFILE_DIR_PATH}/Podfile.lock",
				"${PODS_ROOT}/Manifest.lock",
			);
			name = "[CP] Check Pods Manifest.lock";
			outputFileListPaths = (
			);
			outputPaths = (
				"$(DERIVED_FILE_DIR)/Pods-TrainingTaskTests-checkManifestLockResult.txt",
			);
			runOnlyForDeploymentPostprocessing = 0;
			shellPath = /bin/sh;
			shellScript = "diff \"${PODS_PODFILE_DIR_PATH}/Podfile.lock\" \"${PODS_ROOT}/Manifest.lock\" > /dev/null\nif [ $? != 0 ] ; then\n    # print error to STDERR\n    echo \"error: The sandbox is not in sync with the Podfile.lock. Run 'pod install' or update your CocoaPods installation.\" >&2\n    exit 1\nfi\n# This output is used by Xcode 'outputs' to avoid re-running this script phase.\necho \"SUCCESS\" > \"${SCRIPT_OUTPUT_FILE_0}\"\n";
			showEnvVarsInLog = 0;
		};
		EBE1121D93AF951AE019CC52 /* [CP] Embed Pods Frameworks */ = {
			isa = PBXShellScriptBuildPhase;
			buildActionMask = 2147483647;
			files = (
			);
			inputFileListPaths = (
				"${PODS_ROOT}/Target Support Files/Pods-TrainingTask/Pods-TrainingTask-frameworks-${CONFIGURATION}-input-files.xcfilelist",
			);
			name = "[CP] Embed Pods Frameworks";
			outputFileListPaths = (
				"${PODS_ROOT}/Target Support Files/Pods-TrainingTask/Pods-TrainingTask-frameworks-${CONFIGURATION}-output-files.xcfilelist",
			);
			runOnlyForDeploymentPostprocessing = 0;
			shellPath = /bin/sh;
			shellScript = "\"${PODS_ROOT}/Target Support Files/Pods-TrainingTask/Pods-TrainingTask-frameworks.sh\"\n";
			showEnvVarsInLog = 0;
		};
/* End PBXShellScriptBuildPhase section */

/* Begin PBXSourcesBuildPhase section */
		BB68471F297FE32900145344 /* Sources */ = {
			isa = PBXSourcesBuildPhase;
			buildActionMask = 2147483647;
			files = (
				BB66EE4D298A636B00B80C14 /* QuestionsProtocol.swift in Sources */,
				BB06FA0E298170DC00E6EABC /* PostsInteractor.swift in Sources */,
				BBDF9F0F297FFD1E00BEF26B /* CustomNavigationBar.swift in Sources */,
				BB66EE4B298A631100B80C14 /* QuestionsPresenter.swift in Sources */,
				BB66EE5A298A945B00B80C14 /* FilteredUsers.swift in Sources */,
				BB06FA10298176CB00E6EABC /* PostsRouter.swift in Sources */,
				BB6F3D78298FE242008D73D6 /* UserDetailsViewController.swift in Sources */,
				BB6941BB298A582700CDAE72 /* User.swift in Sources */,
				BB6941C8298A5AA200CDAE72 /* QuestionsViewController.swift in Sources */,
				BB6EA096298E816C000DC122 /* FiltersCollectionViewProtocol.swift in Sources */,
				BB6B041A299251CA00AAD39C /* VideosInteractor.swift in Sources */,
				BB65C1112987ED4A00246226 /* PostDetailsRouter.swift in Sources */,
				BB684727297FE32900145344 /* AppDelegate.swift in Sources */,
				BB6B041829924FC100AAD39C /* VideosRouter.swift in Sources */,
				BB6B041129923FC100AAD39C /* VideosViewController.swift in Sources */,
				BB6F3D7C298FE499008D73D6 /* UserDetailsRouter.swift in Sources */,
				BB89E9E02991650F009C393E /* PostsTableView.swift in Sources */,
				BBFF235B2980329D0094E724 /* FiltersCollectionViewCell.swift in Sources */,
				BB89E9E429916D16009C393E /* PostTableViewProtocol.swift in Sources */,
				BB06FA0C29816FEC00E6EABC /* PostsPresenter.swift in Sources */,
				BB664581298F9D9D000FFF81 /* UIHelper.swift in Sources */,
				BB06F9FF29815E8A00E6EABC /* PostTableViewCell.swift in Sources */,
				BBE38BD52986CF7F0008E81A /* ApplicationFlow.swift in Sources */,
				BB6941CB298A5B7A00CDAE72 /* QuestionsRouter.swift in Sources */,
				BB6F3D82298FE607008D73D6 /* UserDetailsProtocol.swift in Sources */,
				BBE38BD72986E0CE0008E81A /* NetworkUtils.swift in Sources */,
				BB66EE57298A6BAF00B80C14 /* UsersCollectionViewCell.swift in Sources */,
				BB6EA0A5298E83D8000DC122 /* FiltersCollectionView.swift in Sources */,
				BB65C1132987EDD100246226 /* PostDetailsProtocol.swift in Sources */,
				BB6B041C2992558100AAD39C /* VideosProtocol.swift in Sources */,
				BB8EA54D29893C16001454AA /* NavBarProtocol.swift in Sources */,
				BBE38BDB2986F9940008E81A /* FilteredPostsEntity.swift in Sources */,
				BB678F83298930060017D0DF /* NavBarPresenter.swift in Sources */,
				BB6B041E299255D900AAD39C /* VideosPresenter.swift in Sources */,
				BB707195298131E2009EDCCD /* ForYouViewController.swift in Sources */,
				BB06FA0629816A8300E6EABC /* PostProtocol.swift in Sources */,
				BB672F76298676FD00CDE37A /* PostDetailsViewController.swift in Sources */,
				BB06F9F9298158CE00E6EABC /* Enums.swift in Sources */,
				BB678F8129892C4D0017D0DF /* NavBarRouter.swift in Sources */,
				BB6F3D7F298FE5B3008D73D6 /* UserDetailsPresenter.swift in Sources */,
				BB66EE5C298AB22700B80C14 /* QuestionsInteractor.swift in Sources */,
				BB06F9FB29815DCE00E6EABC /* Post.swift in Sources */,
				BB66458A298FD0D4000FFF81 /* CellEnums.swift in Sources */,
				BB678F6D2988FDA50017D0DF /* Helper.swift in Sources */,
				BB678F7B298929BA0017D0DF /* PostDetailsPresenter.swift in Sources */,
				BB684729297FE32900145344 /* SceneDelegate.swift in Sources */,
				BB06FA022981693400E6EABC /* Constants.swift in Sources */,
			);
			runOnlyForDeploymentPostprocessing = 0;
		};
		BB684735297FE32D00145344 /* Sources */ = {
			isa = PBXSourcesBuildPhase;
			buildActionMask = 2147483647;
			files = (
				BB68473E297FE32D00145344 /* TrainingTaskTests.swift in Sources */,
			);
			runOnlyForDeploymentPostprocessing = 0;
		};
		BB68473F297FE32D00145344 /* Sources */ = {
			isa = PBXSourcesBuildPhase;
			buildActionMask = 2147483647;
			files = (
				BB684748297FE32D00145344 /* TrainingTaskUITests.swift in Sources */,
				BB68474A297FE32D00145344 /* TrainingTaskUITestsLaunchTests.swift in Sources */,
			);
			runOnlyForDeploymentPostprocessing = 0;
		};
/* End PBXSourcesBuildPhase section */

/* Begin PBXTargetDependency section */
		BB68473B297FE32D00145344 /* PBXTargetDependency */ = {
			isa = PBXTargetDependency;
			target = BB684722297FE32900145344 /* TrainingTask */;
			targetProxy = BB68473A297FE32D00145344 /* PBXContainerItemProxy */;
		};
		BB684745297FE32D00145344 /* PBXTargetDependency */ = {
			isa = PBXTargetDependency;
			target = BB684722297FE32900145344 /* TrainingTask */;
			targetProxy = BB684744297FE32D00145344 /* PBXContainerItemProxy */;
		};
/* End PBXTargetDependency section */

/* Begin PBXVariantGroup section */
		BB68472C297FE32900145344 /* Main.storyboard */ = {
			isa = PBXVariantGroup;
			children = (
				BB68472D297FE32900145344 /* Base */,
			);
			name = Main.storyboard;
			sourceTree = "<group>";
		};
		BB684731297FE32C00145344 /* LaunchScreen.storyboard */ = {
			isa = PBXVariantGroup;
			children = (
				BB684732297FE32C00145344 /* Base */,
			);
			name = LaunchScreen.storyboard;
			sourceTree = "<group>";
		};
/* End PBXVariantGroup section */

/* Begin XCBuildConfiguration section */
		BB68474B297FE32D00145344 /* Debug */ = {
			isa = XCBuildConfiguration;
			buildSettings = {
				ALWAYS_SEARCH_USER_PATHS = NO;
				CLANG_ANALYZER_NONNULL = YES;
				CLANG_ANALYZER_NUMBER_OBJECT_CONVERSION = YES_AGGRESSIVE;
				CLANG_CXX_LANGUAGE_STANDARD = "gnu++20";
				CLANG_ENABLE_MODULES = YES;
				CLANG_ENABLE_OBJC_ARC = YES;
				CLANG_ENABLE_OBJC_WEAK = YES;
				CLANG_WARN_BLOCK_CAPTURE_AUTORELEASING = YES;
				CLANG_WARN_BOOL_CONVERSION = YES;
				CLANG_WARN_COMMA = YES;
				CLANG_WARN_CONSTANT_CONVERSION = YES;
				CLANG_WARN_DEPRECATED_OBJC_IMPLEMENTATIONS = YES;
				CLANG_WARN_DIRECT_OBJC_ISA_USAGE = YES_ERROR;
				CLANG_WARN_DOCUMENTATION_COMMENTS = YES;
				CLANG_WARN_EMPTY_BODY = YES;
				CLANG_WARN_ENUM_CONVERSION = YES;
				CLANG_WARN_INFINITE_RECURSION = YES;
				CLANG_WARN_INT_CONVERSION = YES;
				CLANG_WARN_NON_LITERAL_NULL_CONVERSION = YES;
				CLANG_WARN_OBJC_IMPLICIT_RETAIN_SELF = YES;
				CLANG_WARN_OBJC_LITERAL_CONVERSION = YES;
				CLANG_WARN_OBJC_ROOT_CLASS = YES_ERROR;
				CLANG_WARN_QUOTED_INCLUDE_IN_FRAMEWORK_HEADER = YES;
				CLANG_WARN_RANGE_LOOP_ANALYSIS = YES;
				CLANG_WARN_STRICT_PROTOTYPES = YES;
				CLANG_WARN_SUSPICIOUS_MOVE = YES;
				CLANG_WARN_UNGUARDED_AVAILABILITY = YES_AGGRESSIVE;
				CLANG_WARN_UNREACHABLE_CODE = YES;
				CLANG_WARN__DUPLICATE_METHOD_MATCH = YES;
				COPY_PHASE_STRIP = NO;
				DEBUG_INFORMATION_FORMAT = dwarf;
				ENABLE_STRICT_OBJC_MSGSEND = YES;
				ENABLE_TESTABILITY = YES;
				GCC_C_LANGUAGE_STANDARD = gnu11;
				GCC_DYNAMIC_NO_PIC = NO;
				GCC_NO_COMMON_BLOCKS = YES;
				GCC_OPTIMIZATION_LEVEL = 0;
				GCC_PREPROCESSOR_DEFINITIONS = (
					"DEBUG=1",
					"$(inherited)",
				);
				GCC_WARN_64_TO_32_BIT_CONVERSION = YES;
				GCC_WARN_ABOUT_RETURN_TYPE = YES_ERROR;
				GCC_WARN_UNDECLARED_SELECTOR = YES;
				GCC_WARN_UNINITIALIZED_AUTOS = YES_AGGRESSIVE;
				GCC_WARN_UNUSED_FUNCTION = YES;
				GCC_WARN_UNUSED_VARIABLE = YES;
				IPHONEOS_DEPLOYMENT_TARGET = 16.2;
				MTL_ENABLE_DEBUG_INFO = INCLUDE_SOURCE;
				MTL_FAST_MATH = YES;
				ONLY_ACTIVE_ARCH = YES;
				SDKROOT = iphoneos;
				SWIFT_ACTIVE_COMPILATION_CONDITIONS = DEBUG;
				SWIFT_OPTIMIZATION_LEVEL = "-Onone";
			};
			name = Debug;
		};
		BB68474C297FE32D00145344 /* Release */ = {
			isa = XCBuildConfiguration;
			buildSettings = {
				ALWAYS_SEARCH_USER_PATHS = NO;
				CLANG_ANALYZER_NONNULL = YES;
				CLANG_ANALYZER_NUMBER_OBJECT_CONVERSION = YES_AGGRESSIVE;
				CLANG_CXX_LANGUAGE_STANDARD = "gnu++20";
				CLANG_ENABLE_MODULES = YES;
				CLANG_ENABLE_OBJC_ARC = YES;
				CLANG_ENABLE_OBJC_WEAK = YES;
				CLANG_WARN_BLOCK_CAPTURE_AUTORELEASING = YES;
				CLANG_WARN_BOOL_CONVERSION = YES;
				CLANG_WARN_COMMA = YES;
				CLANG_WARN_CONSTANT_CONVERSION = YES;
				CLANG_WARN_DEPRECATED_OBJC_IMPLEMENTATIONS = YES;
				CLANG_WARN_DIRECT_OBJC_ISA_USAGE = YES_ERROR;
				CLANG_WARN_DOCUMENTATION_COMMENTS = YES;
				CLANG_WARN_EMPTY_BODY = YES;
				CLANG_WARN_ENUM_CONVERSION = YES;
				CLANG_WARN_INFINITE_RECURSION = YES;
				CLANG_WARN_INT_CONVERSION = YES;
				CLANG_WARN_NON_LITERAL_NULL_CONVERSION = YES;
				CLANG_WARN_OBJC_IMPLICIT_RETAIN_SELF = YES;
				CLANG_WARN_OBJC_LITERAL_CONVERSION = YES;
				CLANG_WARN_OBJC_ROOT_CLASS = YES_ERROR;
				CLANG_WARN_QUOTED_INCLUDE_IN_FRAMEWORK_HEADER = YES;
				CLANG_WARN_RANGE_LOOP_ANALYSIS = YES;
				CLANG_WARN_STRICT_PROTOTYPES = YES;
				CLANG_WARN_SUSPICIOUS_MOVE = YES;
				CLANG_WARN_UNGUARDED_AVAILABILITY = YES_AGGRESSIVE;
				CLANG_WARN_UNREACHABLE_CODE = YES;
				CLANG_WARN__DUPLICATE_METHOD_MATCH = YES;
				COPY_PHASE_STRIP = NO;
				DEBUG_INFORMATION_FORMAT = "dwarf-with-dsym";
				ENABLE_NS_ASSERTIONS = NO;
				ENABLE_STRICT_OBJC_MSGSEND = YES;
				GCC_C_LANGUAGE_STANDARD = gnu11;
				GCC_NO_COMMON_BLOCKS = YES;
				GCC_WARN_64_TO_32_BIT_CONVERSION = YES;
				GCC_WARN_ABOUT_RETURN_TYPE = YES_ERROR;
				GCC_WARN_UNDECLARED_SELECTOR = YES;
				GCC_WARN_UNINITIALIZED_AUTOS = YES_AGGRESSIVE;
				GCC_WARN_UNUSED_FUNCTION = YES;
				GCC_WARN_UNUSED_VARIABLE = YES;
				IPHONEOS_DEPLOYMENT_TARGET = 16.2;
				MTL_ENABLE_DEBUG_INFO = NO;
				MTL_FAST_MATH = YES;
				SDKROOT = iphoneos;
				SWIFT_COMPILATION_MODE = wholemodule;
				SWIFT_OPTIMIZATION_LEVEL = "-O";
				VALIDATE_PRODUCT = YES;
			};
			name = Release;
		};
		BB68474E297FE32D00145344 /* Debug */ = {
			isa = XCBuildConfiguration;
			baseConfigurationReference = 0C5B564AAB9FAD11561C3257 /* Pods-TrainingTask.debug.xcconfig */;
			buildSettings = {
				ASSETCATALOG_COMPILER_APPICON_NAME = AppIcon;
				ASSETCATALOG_COMPILER_GLOBAL_ACCENT_COLOR_NAME = AccentColor;
				CODE_SIGN_STYLE = Automatic;
				CURRENT_PROJECT_VERSION = 1;
				GENERATE_INFOPLIST_FILE = YES;
				INFOPLIST_FILE = TrainingTask/Info.plist;
				INFOPLIST_KEY_UIApplicationSupportsIndirectInputEvents = YES;
				INFOPLIST_KEY_UILaunchStoryboardName = LaunchScreen;
				INFOPLIST_KEY_UIMainStoryboardFile = Main;
				INFOPLIST_KEY_UISupportedInterfaceOrientations_iPad = "UIInterfaceOrientationPortrait UIInterfaceOrientationPortraitUpsideDown UIInterfaceOrientationLandscapeLeft UIInterfaceOrientationLandscapeRight";
				INFOPLIST_KEY_UISupportedInterfaceOrientations_iPhone = "UIInterfaceOrientationPortrait UIInterfaceOrientationLandscapeLeft UIInterfaceOrientationLandscapeRight";
				IPHONEOS_DEPLOYMENT_TARGET = 13.0;
				LD_RUNPATH_SEARCH_PATHS = (
					"$(inherited)",
					"@executable_path/Frameworks",
				);
				MARKETING_VERSION = 1.0;
				PRODUCT_BUNDLE_IDENTIFIER = tr.TrainingTask;
				PRODUCT_NAME = "$(TARGET_NAME)";
				SUPPORTED_PLATFORMS = "iphoneos iphonesimulator";
				SUPPORTS_MACCATALYST = NO;
				SUPPORTS_MAC_DESIGNED_FOR_IPHONE_IPAD = NO;
				SWIFT_EMIT_LOC_STRINGS = YES;
				SWIFT_VERSION = 5.0;
				TARGETED_DEVICE_FAMILY = "1,2";
			};
			name = Debug;
		};
		BB68474F297FE32D00145344 /* Release */ = {
			isa = XCBuildConfiguration;
			baseConfigurationReference = BE28838148ED5F25D5E992F1 /* Pods-TrainingTask.release.xcconfig */;
			buildSettings = {
				ASSETCATALOG_COMPILER_APPICON_NAME = AppIcon;
				ASSETCATALOG_COMPILER_GLOBAL_ACCENT_COLOR_NAME = AccentColor;
				CODE_SIGN_STYLE = Automatic;
				CURRENT_PROJECT_VERSION = 1;
				GENERATE_INFOPLIST_FILE = YES;
				INFOPLIST_FILE = TrainingTask/Info.plist;
				INFOPLIST_KEY_UIApplicationSupportsIndirectInputEvents = YES;
				INFOPLIST_KEY_UILaunchStoryboardName = LaunchScreen;
				INFOPLIST_KEY_UIMainStoryboardFile = Main;
				INFOPLIST_KEY_UISupportedInterfaceOrientations_iPad = "UIInterfaceOrientationPortrait UIInterfaceOrientationPortraitUpsideDown UIInterfaceOrientationLandscapeLeft UIInterfaceOrientationLandscapeRight";
				INFOPLIST_KEY_UISupportedInterfaceOrientations_iPhone = "UIInterfaceOrientationPortrait UIInterfaceOrientationLandscapeLeft UIInterfaceOrientationLandscapeRight";
				IPHONEOS_DEPLOYMENT_TARGET = 13.0;
				LD_RUNPATH_SEARCH_PATHS = (
					"$(inherited)",
					"@executable_path/Frameworks",
				);
				MARKETING_VERSION = 1.0;
				PRODUCT_BUNDLE_IDENTIFIER = tr.TrainingTask;
				PRODUCT_NAME = "$(TARGET_NAME)";
				SUPPORTED_PLATFORMS = "iphoneos iphonesimulator";
				SUPPORTS_MACCATALYST = NO;
				SUPPORTS_MAC_DESIGNED_FOR_IPHONE_IPAD = NO;
				SWIFT_EMIT_LOC_STRINGS = YES;
				SWIFT_VERSION = 5.0;
				TARGETED_DEVICE_FAMILY = "1,2";
			};
			name = Release;
		};
		BB684751297FE32D00145344 /* Debug */ = {
			isa = XCBuildConfiguration;
			baseConfigurationReference = D33539F3A67C48F34DB92C6D /* Pods-TrainingTaskTests.debug.xcconfig */;
			buildSettings = {
				ALWAYS_EMBED_SWIFT_STANDARD_LIBRARIES = YES;
				BUNDLE_LOADER = "$(TEST_HOST)";
				CODE_SIGN_STYLE = Automatic;
				CURRENT_PROJECT_VERSION = 1;
				GENERATE_INFOPLIST_FILE = YES;
				IPHONEOS_DEPLOYMENT_TARGET = 16.2;
				MARKETING_VERSION = 1.0;
				PRODUCT_BUNDLE_IDENTIFIER = tr.TrainingTaskTests;
				PRODUCT_NAME = "$(TARGET_NAME)";
				SWIFT_EMIT_LOC_STRINGS = NO;
				SWIFT_VERSION = 5.0;
				TARGETED_DEVICE_FAMILY = "1,2";
				TEST_HOST = "$(BUILT_PRODUCTS_DIR)/TrainingTask.app/$(BUNDLE_EXECUTABLE_FOLDER_PATH)/TrainingTask";
			};
			name = Debug;
		};
		BB684752297FE32D00145344 /* Release */ = {
			isa = XCBuildConfiguration;
			baseConfigurationReference = 1A377B5F6B9CB152C46E3A4D /* Pods-TrainingTaskTests.release.xcconfig */;
			buildSettings = {
				ALWAYS_EMBED_SWIFT_STANDARD_LIBRARIES = YES;
				BUNDLE_LOADER = "$(TEST_HOST)";
				CODE_SIGN_STYLE = Automatic;
				CURRENT_PROJECT_VERSION = 1;
				GENERATE_INFOPLIST_FILE = YES;
				IPHONEOS_DEPLOYMENT_TARGET = 16.2;
				MARKETING_VERSION = 1.0;
				PRODUCT_BUNDLE_IDENTIFIER = tr.TrainingTaskTests;
				PRODUCT_NAME = "$(TARGET_NAME)";
				SWIFT_EMIT_LOC_STRINGS = NO;
				SWIFT_VERSION = 5.0;
				TARGETED_DEVICE_FAMILY = "1,2";
				TEST_HOST = "$(BUILT_PRODUCTS_DIR)/TrainingTask.app/$(BUNDLE_EXECUTABLE_FOLDER_PATH)/TrainingTask";
			};
			name = Release;
		};
		BB684754297FE32D00145344 /* Debug */ = {
			isa = XCBuildConfiguration;
			baseConfigurationReference = 5F214CC6F41F0B19A8164177 /* Pods-TrainingTask-TrainingTaskUITests.debug.xcconfig */;
			buildSettings = {
				ALWAYS_EMBED_SWIFT_STANDARD_LIBRARIES = YES;
				CODE_SIGN_STYLE = Automatic;
				CURRENT_PROJECT_VERSION = 1;
				GENERATE_INFOPLIST_FILE = YES;
				MARKETING_VERSION = 1.0;
				PRODUCT_BUNDLE_IDENTIFIER = tr.TrainingTaskUITests;
				PRODUCT_NAME = "$(TARGET_NAME)";
				SWIFT_EMIT_LOC_STRINGS = NO;
				SWIFT_VERSION = 5.0;
				TARGETED_DEVICE_FAMILY = "1,2";
				TEST_TARGET_NAME = TrainingTask;
			};
			name = Debug;
		};
		BB684755297FE32D00145344 /* Release */ = {
			isa = XCBuildConfiguration;
			baseConfigurationReference = 5101D24813A1CC2AC168C594 /* Pods-TrainingTask-TrainingTaskUITests.release.xcconfig */;
			buildSettings = {
				ALWAYS_EMBED_SWIFT_STANDARD_LIBRARIES = YES;
				CODE_SIGN_STYLE = Automatic;
				CURRENT_PROJECT_VERSION = 1;
				GENERATE_INFOPLIST_FILE = YES;
				MARKETING_VERSION = 1.0;
				PRODUCT_BUNDLE_IDENTIFIER = tr.TrainingTaskUITests;
				PRODUCT_NAME = "$(TARGET_NAME)";
				SWIFT_EMIT_LOC_STRINGS = NO;
				SWIFT_VERSION = 5.0;
				TARGETED_DEVICE_FAMILY = "1,2";
				TEST_TARGET_NAME = TrainingTask;
			};
			name = Release;
		};
/* End XCBuildConfiguration section */

/* Begin XCConfigurationList section */
		BB68471E297FE32900145344 /* Build configuration list for PBXProject "TrainingTask" */ = {
			isa = XCConfigurationList;
			buildConfigurations = (
				BB68474B297FE32D00145344 /* Debug */,
				BB68474C297FE32D00145344 /* Release */,
			);
			defaultConfigurationIsVisible = 0;
			defaultConfigurationName = Release;
		};
		BB68474D297FE32D00145344 /* Build configuration list for PBXNativeTarget "TrainingTask" */ = {
			isa = XCConfigurationList;
			buildConfigurations = (
				BB68474E297FE32D00145344 /* Debug */,
				BB68474F297FE32D00145344 /* Release */,
			);
			defaultConfigurationIsVisible = 0;
			defaultConfigurationName = Release;
		};
		BB684750297FE32D00145344 /* Build configuration list for PBXNativeTarget "TrainingTaskTests" */ = {
			isa = XCConfigurationList;
			buildConfigurations = (
				BB684751297FE32D00145344 /* Debug */,
				BB684752297FE32D00145344 /* Release */,
			);
			defaultConfigurationIsVisible = 0;
			defaultConfigurationName = Release;
		};
		BB684753297FE32D00145344 /* Build configuration list for PBXNativeTarget "TrainingTaskUITests" */ = {
			isa = XCConfigurationList;
			buildConfigurations = (
				BB684754297FE32D00145344 /* Debug */,
				BB684755297FE32D00145344 /* Release */,
			);
			defaultConfigurationIsVisible = 0;
			defaultConfigurationName = Release;
		};
/* End XCConfigurationList section */
	};
	rootObject = BB68471B297FE32900145344 /* Project object */;
}
